PODS:
  - AwesomeStackView (0.2)
  - lottie-ios (3.1.6)

DEPENDENCIES:
  - AwesomeStackView (from `https://github.com/Hugo-Coutinho/AwesomeStackView.git`)
  - lottie-ios

SPEC REPOS:
  trunk:
    - lottie-ios

EXTERNAL SOURCES:
  AwesomeStackView:
    :git: https://github.com/Hugo-Coutinho/AwesomeStackView.git

CHECKOUT OPTIONS:
  AwesomeStackView:
    :commit: dd0ff9ac7492e49b1c4342c05dfb10f556c5655a
    :git: https://github.com/Hugo-Coutinho/AwesomeStackView.git

SPEC CHECKSUMS:
  AwesomeStackView: 0021a07773794809b18c13c23860a86e6a328243
  lottie-ios: 85ce835dd8c53e02509f20729fc7d6a4e6645a0a

PODFILE CHECKSUM: 211c745668e7f6f6cb832732adea0d9838cfeece

COCOAPODS: 1.8.4
