// !$*UTF8*$!
{
	archiveVersion = 1;
	classes = {
	};
	objectVersion = 50;
	objects = {

/* Begin PBXBuildFile section */
		63085A792432149400CC87BF /* check-mark.json in Resources */ = {isa = PBXBuildFile; fileRef = 63085A782432149400CC87BF /* check-mark.json */; };
		63106E9E22FD04970059D21E /* PopupSelectView.swift in Sources */ = {isa = PBXBuildFile; fileRef = 63106E9D22FD04970059D21E /* PopupSelectView.swift */; };
		63106EA122FD0EAC0059D21E /* PopupEditView.swift in Sources */ = {isa = PBXBuildFile; fileRef = 63106EA022FD0EAC0059D21E /* PopupEditView.swift */; };
		6316141523D208B600C9E9C9 /* ConstantView.swift in Sources */ = {isa = PBXBuildFile; fileRef = 6316141423D208B600C9E9C9 /* ConstantView.swift */; };
		6316141823D2095F00C9E9C9 /* ConstantPersistence.swift in Sources */ = {isa = PBXBuildFile; fileRef = 6316141723D2095F00C9E9C9 /* ConstantPersistence.swift */; };
		6316141D23D20A1500C9E9C9 /* ConstantExpenseView.swift in Sources */ = {isa = PBXBuildFile; fileRef = 6316141C23D20A1500C9E9C9 /* ConstantExpenseView.swift */; };
		6317066322CE331A002259C2 /* UIColor.swift in Sources */ = {isa = PBXBuildFile; fileRef = 6317066222CE331A002259C2 /* UIColor.swift */; };
		63335C2C22F4845E00FB302F /* ExpenseContainerView.swift in Sources */ = {isa = PBXBuildFile; fileRef = 63335C2B22F4845E00FB302F /* ExpenseContainerView.swift */; };
		63347B2523105F2D006CA2CC /* ExpenseListContainerView.xib in Resources */ = {isa = PBXBuildFile; fileRef = 63347B2423105F2D006CA2CC /* ExpenseListContainerView.xib */; };
		63347B2923106011006CA2CC /* ExpenseListContainerView.swift in Sources */ = {isa = PBXBuildFile; fileRef = 63347B2823106011006CA2CC /* ExpenseListContainerView.swift */; };
		634060EA241DC49B0067894C /* BLFinancialTests.swift in Sources */ = {isa = PBXBuildFile; fileRef = 634060E9241DC49B0067894C /* BLFinancialTests.swift */; };
		63446D3C23FC24E60025D20F /* SalaryViewController.swift in Sources */ = {isa = PBXBuildFile; fileRef = 63446D3B23FC24E60025D20F /* SalaryViewController.swift */; };
		63446D4123FC56C70025D20F /* ReusableButton.xib in Resources */ = {isa = PBXBuildFile; fileRef = 63446D4023FC56C70025D20F /* ReusableButton.xib */; };
		63446D4323FC5DE20025D20F /* ReusableButton.swift in Sources */ = {isa = PBXBuildFile; fileRef = 63446D4223FC5DE20025D20F /* ReusableButton.swift */; };
		6350AD8922FB8CFB00433C70 /* PopupMenu.xib in Resources */ = {isa = PBXBuildFile; fileRef = 6350AD8822FB8CFB00433C70 /* PopupMenu.xib */; };
		6350AD8B22FB95D600433C70 /* PopupMenu.swift in Sources */ = {isa = PBXBuildFile; fileRef = 6350AD8A22FB95D600433C70 /* PopupMenu.swift */; };
		63593B3C242AFD1800EBB862 /* FundsPresenterTests.swift in Sources */ = {isa = PBXBuildFile; fileRef = 63593B3B242AFD1800EBB862 /* FundsPresenterTests.swift */; };
		63593B3E242AFF0F00EBB862 /* FundsInteractorTests.swift in Sources */ = {isa = PBXBuildFile; fileRef = 63593B3D242AFF0F00EBB862 /* FundsInteractorTests.swift */; };
		637A8A1523F39D6400688E6C /* ExpenseTests.swift in Sources */ = {isa = PBXBuildFile; fileRef = 637A8A1423F39D6400688E6C /* ExpenseTests.swift */; };
		637A8A2023F77C9A00688E6C /* CoreDataWorker.swift in Sources */ = {isa = PBXBuildFile; fileRef = 637A8A1F23F77C9A00688E6C /* CoreDataWorker.swift */; };
		637A8A2223F78FC700688E6C /* ExpenseSubItemModel.swift in Sources */ = {isa = PBXBuildFile; fileRef = 637A8A2123F78FC700688E6C /* ExpenseSubItemModel.swift */; };
		637A8A2E23F82B9B00688E6C /* Financial.xcdatamodeld in Sources */ = {isa = PBXBuildFile; fileRef = 637A8A2C23F82B9B00688E6C /* Financial.xcdatamodeld */; };
		637A8A3023FB13B400688E6C /* ExpenseItemModel.swift in Sources */ = {isa = PBXBuildFile; fileRef = 637A8A2F23FB13B400688E6C /* ExpenseItemModel.swift */; };
		637B0BBC22D647A200FF8BD0 /* UIView.swift in Sources */ = {isa = PBXBuildFile; fileRef = 637B0BBB22D647A200FF8BD0 /* UIView.swift */; };
		6383D465243161C600E20E49 /* HomeInteractorTests.swift in Sources */ = {isa = PBXBuildFile; fileRef = 6383D464243161C600E20E49 /* HomeInteractorTests.swift */; };
		638450A92425DB1B00D672A3 /* Date.swift in Sources */ = {isa = PBXBuildFile; fileRef = 638450A82425DB1B00D672A3 /* Date.swift */; };
		6390A05123FE3BD100CF2095 /* SalaryModel.swift in Sources */ = {isa = PBXBuildFile; fileRef = 6390A05023FE3BD100CF2095 /* SalaryModel.swift */; };
		6390A05423FE3E8600CF2095 /* GestureRecognizer.swift in Sources */ = {isa = PBXBuildFile; fileRef = 6390A05323FE3E8600CF2095 /* GestureRecognizer.swift */; };
		6391370122CBE3470018B65F /* AppDelegate.swift in Sources */ = {isa = PBXBuildFile; fileRef = 6391370022CBE3470018B65F /* AppDelegate.swift */; };
		6391370322CBE3470018B65F /* HomeViewController.swift in Sources */ = {isa = PBXBuildFile; fileRef = 6391370222CBE3470018B65F /* HomeViewController.swift */; };
		6391370622CBE3470018B65F /* Main.storyboard in Resources */ = {isa = PBXBuildFile; fileRef = 6391370422CBE3470018B65F /* Main.storyboard */; };
		6391370822CBE3490018B65F /* Assets.xcassets in Resources */ = {isa = PBXBuildFile; fileRef = 6391370722CBE3490018B65F /* Assets.xcassets */; };
		6391372522CBE7CF0018B65F /* HomeInteractor.swift in Sources */ = {isa = PBXBuildFile; fileRef = 6391371922CBE7CF0018B65F /* HomeInteractor.swift */; };
		6391372822CBE7CF0018B65F /* HomeProtocols.swift in Sources */ = {isa = PBXBuildFile; fileRef = 6391371E22CBE7CF0018B65F /* HomeProtocols.swift */; };
		6391372922CBE7CF0018B65F /* HomeModel.swift in Sources */ = {isa = PBXBuildFile; fileRef = 6391372022CBE7CF0018B65F /* HomeModel.swift */; };
		6391372B22CBE7CF0018B65F /* HomePresenter.swift in Sources */ = {isa = PBXBuildFile; fileRef = 6391372422CBE7CF0018B65F /* HomePresenter.swift */; };
		639B9DAA2417DC5300F4DBCD /* Alert.swift in Sources */ = {isa = PBXBuildFile; fileRef = 639B9DA92417DC5300F4DBCD /* Alert.swift */; };
		639E7F19242E69CB00496F14 /* HistoricalViewController.swift in Sources */ = {isa = PBXBuildFile; fileRef = 639E7F18242E69CB00496F14 /* HistoricalViewController.swift */; };
		639E7F21242E9E1D00496F14 /* HistoricalHeaderView.xib in Resources */ = {isa = PBXBuildFile; fileRef = 639E7F20242E9E1D00496F14 /* HistoricalHeaderView.xib */; };
		639E7F23242E9E3E00496F14 /* HistoricalBodyView.xib in Resources */ = {isa = PBXBuildFile; fileRef = 639E7F22242E9E3E00496F14 /* HistoricalBodyView.xib */; };
		639E7F27242E9F1300496F14 /* HistoricalHeaderView.swift in Sources */ = {isa = PBXBuildFile; fileRef = 639E7F26242E9F1300496F14 /* HistoricalHeaderView.swift */; };
		639E7F2A242EA0CB00496F14 /* HistoricalBodyView.swift in Sources */ = {isa = PBXBuildFile; fileRef = 639E7F29242EA0CB00496F14 /* HistoricalBodyView.swift */; };
		639E7F2E242EA1C800496F14 /* HistoricalContainerView.xib in Resources */ = {isa = PBXBuildFile; fileRef = 639E7F2D242EA1C800496F14 /* HistoricalContainerView.xib */; };
		639E7F32242EA20600496F14 /* HistoricalContainerView.swift in Sources */ = {isa = PBXBuildFile; fileRef = 639E7F31242EA20600496F14 /* HistoricalContainerView.swift */; };
		639FA05622D6337C00983497 /* UIViewController.swift in Sources */ = {isa = PBXBuildFile; fileRef = 639FA05522D6337C00983497 /* UIViewController.swift */; };
		63A56BB422FA6A0F008C7093 /* StackViewController.swift in Sources */ = {isa = PBXBuildFile; fileRef = 63A56BB322FA6A0F008C7093 /* StackViewController.swift */; };
		63A615E224337AEE005A7A68 /* Historical.storyboard in Resources */ = {isa = PBXBuildFile; fileRef = 63A615E424337AEE005A7A68 /* Historical.storyboard */; };
		63B30DAB242FA0DD0019AD39 /* ConstantHistoricalView.swift in Sources */ = {isa = PBXBuildFile; fileRef = 63B30DAA242FA0DD0019AD39 /* ConstantHistoricalView.swift */; };
		63B30DAE242FE0180019AD39 /* EmptyPageView.swift in Sources */ = {isa = PBXBuildFile; fileRef = 63B30DAD242FE0180019AD39 /* EmptyPageView.swift */; };
		63B30DB0242FE02D0019AD39 /* EmptyPageView.xib in Resources */ = {isa = PBXBuildFile; fileRef = 63B30DAF242FE02D0019AD39 /* EmptyPageView.xib */; };
		63B56C7522D5085E00D14C24 /* Constant.swift in Sources */ = {isa = PBXBuildFile; fileRef = 63B56C7422D5085E00D14C24 /* Constant.swift */; };
		63B56C7722D5095500D14C24 /* MainCoreData.swift in Sources */ = {isa = PBXBuildFile; fileRef = 63B56C7622D5095500D14C24 /* MainCoreData.swift */; };
		63B56C8422D5142900D14C24 /* BLFinancial.swift in Sources */ = {isa = PBXBuildFile; fileRef = 63B56C8322D5142900D14C24 /* BLFinancial.swift */; };
		63B6C4992323E41A00BA16ED /* ExpenseListSectionView.swift in Sources */ = {isa = PBXBuildFile; fileRef = 63B6C4982323E41A00BA16ED /* ExpenseListSectionView.swift */; };
		63B6C49B2323E6D800BA16ED /* ExpenseListItemView.swift in Sources */ = {isa = PBXBuildFile; fileRef = 63B6C49A2323E6D800BA16ED /* ExpenseListItemView.swift */; };
		63B6C49D2323E70300BA16ED /* ExpenseListSubItemView.swift in Sources */ = {isa = PBXBuildFile; fileRef = 63B6C49C2323E70300BA16ED /* ExpenseListSubItemView.swift */; };
		63B6C4A42323EAE300BA16ED /* ExpenseListItemView.xib in Resources */ = {isa = PBXBuildFile; fileRef = 63B6C4A32323EAE300BA16ED /* ExpenseListItemView.xib */; };
		63B6C4A72323EB7400BA16ED /* ExpenseListSubItemView.xib in Resources */ = {isa = PBXBuildFile; fileRef = 63B6C4A62323EB7400BA16ED /* ExpenseListSubItemView.xib */; };
		63B90EAB23F1C44900D05638 /* ExpenseInteractor.swift in Sources */ = {isa = PBXBuildFile; fileRef = 63B90EAA23F1C44900D05638 /* ExpenseInteractor.swift */; };
		63B90EAE23F1C48700D05638 /* ExpenseProtocols.swift in Sources */ = {isa = PBXBuildFile; fileRef = 63B90EAD23F1C48700D05638 /* ExpenseProtocols.swift */; };
		63B90EB123F1C64900D05638 /* ExpensePresenter.swift in Sources */ = {isa = PBXBuildFile; fileRef = 63B90EB023F1C64900D05638 /* ExpensePresenter.swift */; };
		63B90EB623F1DDA000D05638 /* BaseRouter.swift in Sources */ = {isa = PBXBuildFile; fileRef = 63B90EB523F1DDA000D05638 /* BaseRouter.swift */; };
		63C96CE1242D3EE300BA0D67 /* Localizable.strings in Resources */ = {isa = PBXBuildFile; fileRef = 63C96CE3242D3EE300BA0D67 /* Localizable.strings */; };
		63C96CE5242D6ECE00BA0D67 /* Salary.storyboard in Resources */ = {isa = PBXBuildFile; fileRef = 63C96CE7242D6ECE00BA0D67 /* Salary.storyboard */; };
		63C96CEC242D704B00BA0D67 /* Funds.storyboard in Resources */ = {isa = PBXBuildFile; fileRef = 63C96CEE242D704B00BA0D67 /* Funds.storyboard */; };
		63C96CF3242DA10500BA0D67 /* ExpenseListSectionView.xib in Resources */ = {isa = PBXBuildFile; fileRef = 63C96CF5242DA10500BA0D67 /* ExpenseListSectionView.xib */; };
		63C96CFA242DA71600BA0D67 /* Expense.storyboard in Resources */ = {isa = PBXBuildFile; fileRef = 63C96CFC242DA71600BA0D67 /* Expense.storyboard */; };
		63C96D01242DA9CE00BA0D67 /* ExpenseFormView.xib in Resources */ = {isa = PBXBuildFile; fileRef = 63C96D03242DA9CE00BA0D67 /* ExpenseFormView.xib */; };
		63C96D08242DAA0F00BA0D67 /* ConstantCollapseView.xib in Resources */ = {isa = PBXBuildFile; fileRef = 63C96D0A242DAA0F00BA0D67 /* ConstantCollapseView.xib */; };
		63CE3FCA22D51E54000E90ED /* UIStoryboard.swift in Sources */ = {isa = PBXBuildFile; fileRef = 63CE3FC922D51E54000E90ED /* UIStoryboard.swift */; };
		63CE3FCC22D51F2B000E90ED /* String.swift in Sources */ = {isa = PBXBuildFile; fileRef = 63CE3FCB22D51F2B000E90ED /* String.swift */; };
		63CE3FD422D54111000E90ED /* ExpenseViewController.swift in Sources */ = {isa = PBXBuildFile; fileRef = 63CE3FD322D54111000E90ED /* ExpenseViewController.swift */; };
		63EA770D2326999000DADC63 /* ConstantPickerView.xib in Resources */ = {isa = PBXBuildFile; fileRef = 63EA770C2326999000DADC63 /* ConstantPickerView.xib */; };
		63EA770F232699E600DADC63 /* ConfirmView.xib in Resources */ = {isa = PBXBuildFile; fileRef = 63EA770E232699E600DADC63 /* ConfirmView.xib */; };
		63EA77152326A1AD00DADC63 /* ExpenseFormView.swift in Sources */ = {isa = PBXBuildFile; fileRef = 63EA77142326A1AD00DADC63 /* ExpenseFormView.swift */; };
		63EA77172326A1EA00DADC63 /* ConstantCollapseView.swift in Sources */ = {isa = PBXBuildFile; fileRef = 63EA77162326A1EA00DADC63 /* ConstantCollapseView.swift */; };
		63EA77192326A23F00DADC63 /* ConstantPickerView.swift in Sources */ = {isa = PBXBuildFile; fileRef = 63EA77182326A23F00DADC63 /* ConstantPickerView.swift */; };
		63EA771B2326A29800DADC63 /* ConfirmView.swift in Sources */ = {isa = PBXBuildFile; fileRef = 63EA771A2326A29800DADC63 /* ConfirmView.swift */; };
		63EEEB7323FF7C0D00A2D408 /* SalaryProtocols.swift in Sources */ = {isa = PBXBuildFile; fileRef = 63EEEB7223FF7C0D00A2D408 /* SalaryProtocols.swift */; };
		63EEEB7523FF7C8B00A2D408 /* SalaryPresenter.swift in Sources */ = {isa = PBXBuildFile; fileRef = 63EEEB7423FF7C8B00A2D408 /* SalaryPresenter.swift */; };
		63EEEB7723FF7D5C00A2D408 /* SalaryInteractor.swift in Sources */ = {isa = PBXBuildFile; fileRef = 63EEEB7623FF7D5C00A2D408 /* SalaryInteractor.swift */; };
		63EEEB7A23FF822200A2D408 /* SalaryPresenterTests.swift in Sources */ = {isa = PBXBuildFile; fileRef = 63EEEB7923FF822200A2D408 /* SalaryPresenterTests.swift */; };
		63F5F75A24327B83006390F1 /* budget_black.json in Resources */ = {isa = PBXBuildFile; fileRef = 63F5F75924327B83006390F1 /* budget_black.json */; };
		63F5F75D24327BC1006390F1 /* ConstantFundsView.swift in Sources */ = {isa = PBXBuildFile; fileRef = 63F5F75C24327BC1006390F1 /* ConstantFundsView.swift */; };
		63F6C7EA22CC60A7003B7FA6 /* Coordinator.swift in Sources */ = {isa = PBXBuildFile; fileRef = 63F6C7E922CC60A7003B7FA6 /* Coordinator.swift */; };
		63FC33412426891A00467EA5 /* SalaryInteractorTests.swift in Sources */ = {isa = PBXBuildFile; fileRef = 63FC33402426891A00467EA5 /* SalaryInteractorTests.swift */; };
		63FD7307240B5CAB003E0DD1 /* ConstantSalaryView.swift in Sources */ = {isa = PBXBuildFile; fileRef = 63FD7306240B5CAA003E0DD1 /* ConstantSalaryView.swift */; };
		63FD7310240D52B9003E0DD1 /* FundsViewController.swift in Sources */ = {isa = PBXBuildFile; fileRef = 63FD730F240D52B9003E0DD1 /* FundsViewController.swift */; };
		63FD7315240D52F2003E0DD1 /* FundsProtocols.swift in Sources */ = {isa = PBXBuildFile; fileRef = 63FD7314240D52F2003E0DD1 /* FundsProtocols.swift */; };
		63FD7317240D531D003E0DD1 /* FundsInteractor.swift in Sources */ = {isa = PBXBuildFile; fileRef = 63FD7316240D531D003E0DD1 /* FundsInteractor.swift */; };
		63FD7319240D5335003E0DD1 /* FundsPresenter.swift in Sources */ = {isa = PBXBuildFile; fileRef = 63FD7318240D5335003E0DD1 /* FundsPresenter.swift */; };
		8CC53C927FD64C8A3B5B97F2 /* (null) in Frameworks */ = {isa = PBXBuildFile; };
		CAE7348DF8A78B4C93FCB052 /* libPods-PersonalFinancialHealthTests.a in Frameworks */ = {isa = PBXBuildFile; fileRef = BC9621ECA87BE5CA40DED264 /* libPods-PersonalFinancialHealthTests.a */; };
		EC309ABE5950C17A2EEF4CDA /* libPods-PersonalFinancialHealth.a in Frameworks */ = {isa = PBXBuildFile; fileRef = 7A72B080D3CC667803F29623 /* libPods-PersonalFinancialHealth.a */; };
/* End PBXBuildFile section */

/* Begin PBXContainerItemProxy section */
		637A8A1723F39D6400688E6C /* PBXContainerItemProxy */ = {
			isa = PBXContainerItemProxy;
			containerPortal = 639136F522CBE3470018B65F /* Project object */;
			proxyType = 1;
			remoteGlobalIDString = 639136FC22CBE3470018B65F;
			remoteInfo = PersonalFinancialHealth;
		};
/* End PBXContainerItemProxy section */

/* Begin PBXFileReference section */
		22B3E5265EC105425AEF1A9C /* Pods-PersonalFinancialHealthTests.release.xcconfig */ = {isa = PBXFileReference; includeInIndex = 1; lastKnownFileType = text.xcconfig; name = "Pods-PersonalFinancialHealthTests.release.xcconfig"; path = "Target Support Files/Pods-PersonalFinancialHealthTests/Pods-PersonalFinancialHealthTests.release.xcconfig"; sourceTree = "<group>"; };
		22F1326F1005777BA8C3E3F3 /* Pods-PersonalFinancialHealth.debug.xcconfig */ = {isa = PBXFileReference; includeInIndex = 1; lastKnownFileType = text.xcconfig; name = "Pods-PersonalFinancialHealth.debug.xcconfig"; path = "Target Support Files/Pods-PersonalFinancialHealth/Pods-PersonalFinancialHealth.debug.xcconfig"; sourceTree = "<group>"; };
		63085A782432149400CC87BF /* check-mark.json */ = {isa = PBXFileReference; fileEncoding = 4; lastKnownFileType = text.json; path = "check-mark.json"; sourceTree = "<group>"; };
		63106E9D22FD04970059D21E /* PopupSelectView.swift */ = {isa = PBXFileReference; lastKnownFileType = sourcecode.swift; path = PopupSelectView.swift; sourceTree = "<group>"; };
		63106EA022FD0EAC0059D21E /* PopupEditView.swift */ = {isa = PBXFileReference; lastKnownFileType = sourcecode.swift; path = PopupEditView.swift; sourceTree = "<group>"; };
		6316141423D208B600C9E9C9 /* ConstantView.swift */ = {isa = PBXFileReference; lastKnownFileType = sourcecode.swift; path = ConstantView.swift; sourceTree = "<group>"; };
		6316141723D2095F00C9E9C9 /* ConstantPersistence.swift */ = {isa = PBXFileReference; lastKnownFileType = sourcecode.swift; path = ConstantPersistence.swift; sourceTree = "<group>"; };
		6316141C23D20A1500C9E9C9 /* ConstantExpenseView.swift */ = {isa = PBXFileReference; lastKnownFileType = sourcecode.swift; path = ConstantExpenseView.swift; sourceTree = "<group>"; };
		6317066222CE331A002259C2 /* UIColor.swift */ = {isa = PBXFileReference; lastKnownFileType = sourcecode.swift; path = UIColor.swift; sourceTree = "<group>"; };
		6327858C243294E700415DCD /* liblottie-ios.a */ = {isa = PBXFileReference; explicitFileType = archive.ar; path = "liblottie-ios.a"; sourceTree = BUILT_PRODUCTS_DIR; };
		632785902432954500415DCD /* liblottie-ios.a */ = {isa = PBXFileReference; explicitFileType = archive.ar; path = "liblottie-ios.a"; sourceTree = BUILT_PRODUCTS_DIR; };
		63335C2B22F4845E00FB302F /* ExpenseContainerView.swift */ = {isa = PBXFileReference; lastKnownFileType = sourcecode.swift; path = ExpenseContainerView.swift; sourceTree = "<group>"; };
		63347B2423105F2D006CA2CC /* ExpenseListContainerView.xib */ = {isa = PBXFileReference; lastKnownFileType = file.xib; path = ExpenseListContainerView.xib; sourceTree = "<group>"; };
		63347B2823106011006CA2CC /* ExpenseListContainerView.swift */ = {isa = PBXFileReference; lastKnownFileType = sourcecode.swift; path = ExpenseListContainerView.swift; sourceTree = "<group>"; };
		634060E9241DC49B0067894C /* BLFinancialTests.swift */ = {isa = PBXFileReference; lastKnownFileType = sourcecode.swift; path = BLFinancialTests.swift; sourceTree = "<group>"; };
		63446D3B23FC24E60025D20F /* SalaryViewController.swift */ = {isa = PBXFileReference; lastKnownFileType = sourcecode.swift; path = SalaryViewController.swift; sourceTree = "<group>"; };
		63446D4023FC56C70025D20F /* ReusableButton.xib */ = {isa = PBXFileReference; lastKnownFileType = file.xib; path = ReusableButton.xib; sourceTree = "<group>"; };
		63446D4223FC5DE20025D20F /* ReusableButton.swift */ = {isa = PBXFileReference; lastKnownFileType = sourcecode.swift; path = ReusableButton.swift; sourceTree = "<group>"; };
		6350AD8822FB8CFB00433C70 /* PopupMenu.xib */ = {isa = PBXFileReference; lastKnownFileType = file.xib; path = PopupMenu.xib; sourceTree = "<group>"; };
		6350AD8A22FB95D600433C70 /* PopupMenu.swift */ = {isa = PBXFileReference; lastKnownFileType = sourcecode.swift; path = PopupMenu.swift; sourceTree = "<group>"; };
		63593B3B242AFD1800EBB862 /* FundsPresenterTests.swift */ = {isa = PBXFileReference; lastKnownFileType = sourcecode.swift; path = FundsPresenterTests.swift; sourceTree = "<group>"; };
		63593B3D242AFF0F00EBB862 /* FundsInteractorTests.swift */ = {isa = PBXFileReference; lastKnownFileType = sourcecode.swift; path = FundsInteractorTests.swift; sourceTree = "<group>"; };
		637A8A1223F39D6400688E6C /* PersonalFinancialHealthTests.xctest */ = {isa = PBXFileReference; explicitFileType = wrapper.cfbundle; includeInIndex = 0; path = PersonalFinancialHealthTests.xctest; sourceTree = BUILT_PRODUCTS_DIR; };
		637A8A1423F39D6400688E6C /* ExpenseTests.swift */ = {isa = PBXFileReference; lastKnownFileType = sourcecode.swift; path = ExpenseTests.swift; sourceTree = "<group>"; };
		637A8A1623F39D6400688E6C /* Info.plist */ = {isa = PBXFileReference; lastKnownFileType = text.plist.xml; path = Info.plist; sourceTree = "<group>"; };
		637A8A1F23F77C9A00688E6C /* CoreDataWorker.swift */ = {isa = PBXFileReference; lastKnownFileType = sourcecode.swift; path = CoreDataWorker.swift; sourceTree = "<group>"; };
		637A8A2123F78FC700688E6C /* ExpenseSubItemModel.swift */ = {isa = PBXFileReference; lastKnownFileType = sourcecode.swift; path = ExpenseSubItemModel.swift; sourceTree = "<group>"; };
		637A8A2D23F82B9B00688E6C /* Financial.xcdatamodel */ = {isa = PBXFileReference; lastKnownFileType = wrapper.xcdatamodel; path = Financial.xcdatamodel; sourceTree = "<group>"; };
		637A8A2F23FB13B400688E6C /* ExpenseItemModel.swift */ = {isa = PBXFileReference; lastKnownFileType = sourcecode.swift; path = ExpenseItemModel.swift; sourceTree = "<group>"; };
		637B0BBB22D647A200FF8BD0 /* UIView.swift */ = {isa = PBXFileReference; lastKnownFileType = sourcecode.swift; path = UIView.swift; sourceTree = "<group>"; };
		6383D464243161C600E20E49 /* HomeInteractorTests.swift */ = {isa = PBXFileReference; lastKnownFileType = sourcecode.swift; path = HomeInteractorTests.swift; sourceTree = "<group>"; };
		638450A82425DB1B00D672A3 /* Date.swift */ = {isa = PBXFileReference; lastKnownFileType = sourcecode.swift; path = Date.swift; sourceTree = "<group>"; };
		6390A05023FE3BD100CF2095 /* SalaryModel.swift */ = {isa = PBXFileReference; lastKnownFileType = sourcecode.swift; path = SalaryModel.swift; sourceTree = "<group>"; };
		6390A05323FE3E8600CF2095 /* GestureRecognizer.swift */ = {isa = PBXFileReference; lastKnownFileType = sourcecode.swift; path = GestureRecognizer.swift; sourceTree = "<group>"; };
		639136FD22CBE3470018B65F /* PersonalFinancialHealth.app */ = {isa = PBXFileReference; explicitFileType = wrapper.application; includeInIndex = 0; path = PersonalFinancialHealth.app; sourceTree = BUILT_PRODUCTS_DIR; };
		6391370022CBE3470018B65F /* AppDelegate.swift */ = {isa = PBXFileReference; lastKnownFileType = sourcecode.swift; path = AppDelegate.swift; sourceTree = "<group>"; };
		6391370222CBE3470018B65F /* HomeViewController.swift */ = {isa = PBXFileReference; lastKnownFileType = sourcecode.swift; path = HomeViewController.swift; sourceTree = "<group>"; };
		6391370522CBE3470018B65F /* Base */ = {isa = PBXFileReference; lastKnownFileType = file.storyboard; name = Base; path = Base.lproj/Main.storyboard; sourceTree = "<group>"; };
		6391370722CBE3490018B65F /* Assets.xcassets */ = {isa = PBXFileReference; lastKnownFileType = folder.assetcatalog; path = Assets.xcassets; sourceTree = "<group>"; };
		6391370C22CBE3490018B65F /* Info.plist */ = {isa = PBXFileReference; lastKnownFileType = text.plist.xml; path = Info.plist; sourceTree = "<group>"; };
		6391371922CBE7CF0018B65F /* HomeInteractor.swift */ = {isa = PBXFileReference; fileEncoding = 4; lastKnownFileType = sourcecode.swift; path = HomeInteractor.swift; sourceTree = "<group>"; };
		6391371E22CBE7CF0018B65F /* HomeProtocols.swift */ = {isa = PBXFileReference; fileEncoding = 4; lastKnownFileType = sourcecode.swift; path = HomeProtocols.swift; sourceTree = "<group>"; };
		6391372022CBE7CF0018B65F /* HomeModel.swift */ = {isa = PBXFileReference; fileEncoding = 4; lastKnownFileType = sourcecode.swift; path = HomeModel.swift; sourceTree = "<group>"; };
		6391372422CBE7CF0018B65F /* HomePresenter.swift */ = {isa = PBXFileReference; fileEncoding = 4; lastKnownFileType = sourcecode.swift; path = HomePresenter.swift; sourceTree = "<group>"; };
		639B9DA92417DC5300F4DBCD /* Alert.swift */ = {isa = PBXFileReference; lastKnownFileType = sourcecode.swift; path = Alert.swift; sourceTree = "<group>"; };
		639E7F18242E69CB00496F14 /* HistoricalViewController.swift */ = {isa = PBXFileReference; lastKnownFileType = sourcecode.swift; path = HistoricalViewController.swift; sourceTree = "<group>"; };
		639E7F20242E9E1D00496F14 /* HistoricalHeaderView.xib */ = {isa = PBXFileReference; lastKnownFileType = file.xib; path = HistoricalHeaderView.xib; sourceTree = "<group>"; };
		639E7F22242E9E3E00496F14 /* HistoricalBodyView.xib */ = {isa = PBXFileReference; lastKnownFileType = file.xib; path = HistoricalBodyView.xib; sourceTree = "<group>"; };
		639E7F26242E9F1300496F14 /* HistoricalHeaderView.swift */ = {isa = PBXFileReference; lastKnownFileType = sourcecode.swift; path = HistoricalHeaderView.swift; sourceTree = "<group>"; };
		639E7F29242EA0CB00496F14 /* HistoricalBodyView.swift */ = {isa = PBXFileReference; lastKnownFileType = sourcecode.swift; path = HistoricalBodyView.swift; sourceTree = "<group>"; };
		639E7F2D242EA1C800496F14 /* HistoricalContainerView.xib */ = {isa = PBXFileReference; lastKnownFileType = file.xib; path = HistoricalContainerView.xib; sourceTree = "<group>"; };
		639E7F31242EA20600496F14 /* HistoricalContainerView.swift */ = {isa = PBXFileReference; lastKnownFileType = sourcecode.swift; path = HistoricalContainerView.swift; sourceTree = "<group>"; };
		639FA05522D6337C00983497 /* UIViewController.swift */ = {isa = PBXFileReference; lastKnownFileType = sourcecode.swift; path = UIViewController.swift; sourceTree = "<group>"; };
		63A56BB322FA6A0F008C7093 /* StackViewController.swift */ = {isa = PBXFileReference; lastKnownFileType = sourcecode.swift; path = StackViewController.swift; sourceTree = "<group>"; };
		63A615E12433788D005A7A68 /* en */ = {isa = PBXFileReference; lastKnownFileType = text.plist.strings; name = en; path = en.lproj/Salary.strings; sourceTree = "<group>"; };
		63A615E324337AEE005A7A68 /* Base */ = {isa = PBXFileReference; lastKnownFileType = file.storyboard; name = Base; path = Base.lproj/Historical.storyboard; sourceTree = "<group>"; };
		63A615E624337AF2005A7A68 /* en */ = {isa = PBXFileReference; lastKnownFileType = text.plist.strings; name = en; path = en.lproj/Historical.strings; sourceTree = "<group>"; };
		63A615E824337AF5005A7A68 /* pt-BR */ = {isa = PBXFileReference; lastKnownFileType = text.plist.strings; name = "pt-BR"; path = "pt-BR.lproj/Historical.strings"; sourceTree = "<group>"; };
		63B30DAA242FA0DD0019AD39 /* ConstantHistoricalView.swift */ = {isa = PBXFileReference; lastKnownFileType = sourcecode.swift; path = ConstantHistoricalView.swift; sourceTree = "<group>"; };
		63B30DAD242FE0180019AD39 /* EmptyPageView.swift */ = {isa = PBXFileReference; lastKnownFileType = sourcecode.swift; path = EmptyPageView.swift; sourceTree = "<group>"; };
		63B30DAF242FE02D0019AD39 /* EmptyPageView.xib */ = {isa = PBXFileReference; lastKnownFileType = file.xib; path = EmptyPageView.xib; sourceTree = "<group>"; };
		63B56C7422D5085E00D14C24 /* Constant.swift */ = {isa = PBXFileReference; lastKnownFileType = sourcecode.swift; path = Constant.swift; sourceTree = "<group>"; };
		63B56C7622D5095500D14C24 /* MainCoreData.swift */ = {isa = PBXFileReference; lastKnownFileType = sourcecode.swift; path = MainCoreData.swift; sourceTree = "<group>"; };
		63B56C8322D5142900D14C24 /* BLFinancial.swift */ = {isa = PBXFileReference; lastKnownFileType = sourcecode.swift; path = BLFinancial.swift; sourceTree = "<group>"; };
		63B6C4982323E41A00BA16ED /* ExpenseListSectionView.swift */ = {isa = PBXFileReference; lastKnownFileType = sourcecode.swift; path = ExpenseListSectionView.swift; sourceTree = "<group>"; };
		63B6C49A2323E6D800BA16ED /* ExpenseListItemView.swift */ = {isa = PBXFileReference; lastKnownFileType = sourcecode.swift; path = ExpenseListItemView.swift; sourceTree = "<group>"; };
		63B6C49C2323E70300BA16ED /* ExpenseListSubItemView.swift */ = {isa = PBXFileReference; lastKnownFileType = sourcecode.swift; path = ExpenseListSubItemView.swift; sourceTree = "<group>"; };
		63B6C4A32323EAE300BA16ED /* ExpenseListItemView.xib */ = {isa = PBXFileReference; lastKnownFileType = file.xib; path = ExpenseListItemView.xib; sourceTree = "<group>"; };
		63B6C4A62323EB7400BA16ED /* ExpenseListSubItemView.xib */ = {isa = PBXFileReference; lastKnownFileType = file.xib; path = ExpenseListSubItemView.xib; sourceTree = "<group>"; };
		63B90EAA23F1C44900D05638 /* ExpenseInteractor.swift */ = {isa = PBXFileReference; lastKnownFileType = sourcecode.swift; path = ExpenseInteractor.swift; sourceTree = "<group>"; };
		63B90EAD23F1C48700D05638 /* ExpenseProtocols.swift */ = {isa = PBXFileReference; lastKnownFileType = sourcecode.swift; path = ExpenseProtocols.swift; sourceTree = "<group>"; };
		63B90EB023F1C64900D05638 /* ExpensePresenter.swift */ = {isa = PBXFileReference; lastKnownFileType = sourcecode.swift; path = ExpensePresenter.swift; sourceTree = "<group>"; };
		63B90EB523F1DDA000D05638 /* BaseRouter.swift */ = {isa = PBXFileReference; lastKnownFileType = sourcecode.swift; name = BaseRouter.swift; path = "PersonalFinancialHealth/common-utils/router/BaseRouter.swift"; sourceTree = SOURCE_ROOT; };
		63C96CE0242D3C0700BA0D67 /* pt-BR */ = {isa = PBXFileReference; lastKnownFileType = text.plist.strings; name = "pt-BR"; path = "pt-BR.lproj/Main.strings"; sourceTree = "<group>"; };
		63C96CE2242D3EE300BA0D67 /* en */ = {isa = PBXFileReference; lastKnownFileType = text.plist.strings; name = en; path = en.lproj/Localizable.strings; sourceTree = "<group>"; };
		63C96CE4242D3EE500BA0D67 /* pt-BR */ = {isa = PBXFileReference; lastKnownFileType = text.plist.strings; name = "pt-BR"; path = "pt-BR.lproj/Localizable.strings"; sourceTree = "<group>"; };
		63C96CE6242D6ECE00BA0D67 /* Base */ = {isa = PBXFileReference; lastKnownFileType = file.storyboard; name = Base; path = Base.lproj/Salary.storyboard; sourceTree = "<group>"; };
		63C96CEB242D6ED300BA0D67 /* pt-BR */ = {isa = PBXFileReference; lastKnownFileType = text.plist.strings; name = "pt-BR"; path = "pt-BR.lproj/Salary.strings"; sourceTree = "<group>"; };
		63C96CED242D704B00BA0D67 /* Base */ = {isa = PBXFileReference; lastKnownFileType = file.storyboard; name = Base; path = Base.lproj/Funds.storyboard; sourceTree = "<group>"; };
		63C96CF0242D704E00BA0D67 /* en */ = {isa = PBXFileReference; lastKnownFileType = text.plist.strings; name = en; path = en.lproj/Funds.strings; sourceTree = "<group>"; };
		63C96CF2242D705000BA0D67 /* pt-BR */ = {isa = PBXFileReference; lastKnownFileType = text.plist.strings; name = "pt-BR"; path = "pt-BR.lproj/Funds.strings"; sourceTree = "<group>"; };
		63C96CF4242DA10500BA0D67 /* Base */ = {isa = PBXFileReference; lastKnownFileType = file.xib; name = Base; path = Base.lproj/ExpenseListSectionView.xib; sourceTree = "<group>"; };
		63C96CF7242DA10800BA0D67 /* en */ = {isa = PBXFileReference; lastKnownFileType = text.plist.strings; name = en; path = en.lproj/ExpenseListSectionView.strings; sourceTree = "<group>"; };
		63C96CF9242DA10A00BA0D67 /* pt-BR */ = {isa = PBXFileReference; lastKnownFileType = text.plist.strings; name = "pt-BR"; path = "pt-BR.lproj/ExpenseListSectionView.strings"; sourceTree = "<group>"; };
		63C96CFB242DA71600BA0D67 /* Base */ = {isa = PBXFileReference; lastKnownFileType = file.storyboard; name = Base; path = Base.lproj/Expense.storyboard; sourceTree = "<group>"; };
		63C96CFE242DA71900BA0D67 /* en */ = {isa = PBXFileReference; lastKnownFileType = text.plist.strings; name = en; path = en.lproj/Expense.strings; sourceTree = "<group>"; };
		63C96D00242DA71A00BA0D67 /* pt-BR */ = {isa = PBXFileReference; lastKnownFileType = text.plist.strings; name = "pt-BR"; path = "pt-BR.lproj/Expense.strings"; sourceTree = "<group>"; };
		63C96D02242DA9CE00BA0D67 /* Base */ = {isa = PBXFileReference; lastKnownFileType = file.xib; name = Base; path = Base.lproj/ExpenseFormView.xib; sourceTree = "<group>"; };
		63C96D05242DA9D100BA0D67 /* en */ = {isa = PBXFileReference; lastKnownFileType = text.plist.strings; name = en; path = en.lproj/ExpenseFormView.strings; sourceTree = "<group>"; };
		63C96D07242DA9D500BA0D67 /* pt-BR */ = {isa = PBXFileReference; lastKnownFileType = text.plist.strings; name = "pt-BR"; path = "pt-BR.lproj/ExpenseFormView.strings"; sourceTree = "<group>"; };
		63C96D09242DAA0F00BA0D67 /* Base */ = {isa = PBXFileReference; lastKnownFileType = file.xib; name = Base; path = Base.lproj/ConstantCollapseView.xib; sourceTree = "<group>"; };
		63C96D0C242DAA1200BA0D67 /* en */ = {isa = PBXFileReference; lastKnownFileType = text.plist.strings; name = en; path = en.lproj/ConstantCollapseView.strings; sourceTree = "<group>"; };
		63C96D0E242DAA1500BA0D67 /* pt-BR */ = {isa = PBXFileReference; lastKnownFileType = text.plist.strings; name = "pt-BR"; path = "pt-BR.lproj/ConstantCollapseView.strings"; sourceTree = "<group>"; };
		63CE3FC922D51E54000E90ED /* UIStoryboard.swift */ = {isa = PBXFileReference; lastKnownFileType = sourcecode.swift; path = UIStoryboard.swift; sourceTree = "<group>"; };
		63CE3FCB22D51F2B000E90ED /* String.swift */ = {isa = PBXFileReference; lastKnownFileType = sourcecode.swift; path = String.swift; sourceTree = "<group>"; };
		63CE3FD322D54111000E90ED /* ExpenseViewController.swift */ = {isa = PBXFileReference; lastKnownFileType = sourcecode.swift; path = ExpenseViewController.swift; sourceTree = "<group>"; };
		63EA770C2326999000DADC63 /* ConstantPickerView.xib */ = {isa = PBXFileReference; lastKnownFileType = file.xib; path = ConstantPickerView.xib; sourceTree = "<group>"; };
		63EA770E232699E600DADC63 /* ConfirmView.xib */ = {isa = PBXFileReference; lastKnownFileType = file.xib; path = ConfirmView.xib; sourceTree = "<group>"; };
		63EA77142326A1AD00DADC63 /* ExpenseFormView.swift */ = {isa = PBXFileReference; lastKnownFileType = sourcecode.swift; path = ExpenseFormView.swift; sourceTree = "<group>"; };
		63EA77162326A1EA00DADC63 /* ConstantCollapseView.swift */ = {isa = PBXFileReference; lastKnownFileType = sourcecode.swift; path = ConstantCollapseView.swift; sourceTree = "<group>"; };
		63EA77182326A23F00DADC63 /* ConstantPickerView.swift */ = {isa = PBXFileReference; lastKnownFileType = sourcecode.swift; path = ConstantPickerView.swift; sourceTree = "<group>"; };
		63EA771A2326A29800DADC63 /* ConfirmView.swift */ = {isa = PBXFileReference; lastKnownFileType = sourcecode.swift; path = ConfirmView.swift; sourceTree = "<group>"; };
		63EEEB7223FF7C0D00A2D408 /* SalaryProtocols.swift */ = {isa = PBXFileReference; lastKnownFileType = sourcecode.swift; path = SalaryProtocols.swift; sourceTree = "<group>"; };
		63EEEB7423FF7C8B00A2D408 /* SalaryPresenter.swift */ = {isa = PBXFileReference; lastKnownFileType = sourcecode.swift; path = SalaryPresenter.swift; sourceTree = "<group>"; };
		63EEEB7623FF7D5C00A2D408 /* SalaryInteractor.swift */ = {isa = PBXFileReference; lastKnownFileType = sourcecode.swift; path = SalaryInteractor.swift; sourceTree = "<group>"; };
		63EEEB7923FF822200A2D408 /* SalaryPresenterTests.swift */ = {isa = PBXFileReference; lastKnownFileType = sourcecode.swift; path = SalaryPresenterTests.swift; sourceTree = "<group>"; };
		63F5F75924327B83006390F1 /* budget_black.json */ = {isa = PBXFileReference; fileEncoding = 4; lastKnownFileType = text.json; path = budget_black.json; sourceTree = "<group>"; };
		63F5F75C24327BC1006390F1 /* ConstantFundsView.swift */ = {isa = PBXFileReference; lastKnownFileType = sourcecode.swift; path = ConstantFundsView.swift; sourceTree = "<group>"; };
		63F6C7E922CC60A7003B7FA6 /* Coordinator.swift */ = {isa = PBXFileReference; lastKnownFileType = sourcecode.swift; path = Coordinator.swift; sourceTree = "<group>"; };
		63FC33402426891A00467EA5 /* SalaryInteractorTests.swift */ = {isa = PBXFileReference; lastKnownFileType = sourcecode.swift; path = SalaryInteractorTests.swift; sourceTree = "<group>"; };
		63FD7306240B5CAA003E0DD1 /* ConstantSalaryView.swift */ = {isa = PBXFileReference; lastKnownFileType = sourcecode.swift; path = ConstantSalaryView.swift; sourceTree = "<group>"; };
		63FD730F240D52B9003E0DD1 /* FundsViewController.swift */ = {isa = PBXFileReference; lastKnownFileType = sourcecode.swift; path = FundsViewController.swift; sourceTree = "<group>"; };
		63FD7314240D52F2003E0DD1 /* FundsProtocols.swift */ = {isa = PBXFileReference; lastKnownFileType = sourcecode.swift; path = FundsProtocols.swift; sourceTree = "<group>"; };
		63FD7316240D531D003E0DD1 /* FundsInteractor.swift */ = {isa = PBXFileReference; lastKnownFileType = sourcecode.swift; path = FundsInteractor.swift; sourceTree = "<group>"; };
		63FD7318240D5335003E0DD1 /* FundsPresenter.swift */ = {isa = PBXFileReference; lastKnownFileType = sourcecode.swift; path = FundsPresenter.swift; sourceTree = "<group>"; };
		7A72B080D3CC667803F29623 /* libPods-PersonalFinancialHealth.a */ = {isa = PBXFileReference; explicitFileType = archive.ar; includeInIndex = 0; path = "libPods-PersonalFinancialHealth.a"; sourceTree = BUILT_PRODUCTS_DIR; };
		8380A2E547A2322221CC023E /* Pods-PersonalFinancialHealthTests.debug.xcconfig */ = {isa = PBXFileReference; includeInIndex = 1; lastKnownFileType = text.xcconfig; name = "Pods-PersonalFinancialHealthTests.debug.xcconfig"; path = "Target Support Files/Pods-PersonalFinancialHealthTests/Pods-PersonalFinancialHealthTests.debug.xcconfig"; sourceTree = "<group>"; };
		BC9621ECA87BE5CA40DED264 /* libPods-PersonalFinancialHealthTests.a */ = {isa = PBXFileReference; explicitFileType = archive.ar; includeInIndex = 0; path = "libPods-PersonalFinancialHealthTests.a"; sourceTree = BUILT_PRODUCTS_DIR; };
		CD0C6090933C4E45740473D0 /* Pods-PersonalFinancialHealth.release.xcconfig */ = {isa = PBXFileReference; includeInIndex = 1; lastKnownFileType = text.xcconfig; name = "Pods-PersonalFinancialHealth.release.xcconfig"; path = "Target Support Files/Pods-PersonalFinancialHealth/Pods-PersonalFinancialHealth.release.xcconfig"; sourceTree = "<group>"; };
/* End PBXFileReference section */

/* Begin PBXFrameworksBuildPhase section */
		637A8A0F23F39D6400688E6C /* Frameworks */ = {
			isa = PBXFrameworksBuildPhase;
			buildActionMask = 2147483647;
			files = (
				CAE7348DF8A78B4C93FCB052 /* libPods-PersonalFinancialHealthTests.a in Frameworks */,
			);
			runOnlyForDeploymentPostprocessing = 0;
		};
		639136FA22CBE3470018B65F /* Frameworks */ = {
			isa = PBXFrameworksBuildPhase;
			buildActionMask = 2147483647;
			files = (
				EC309ABE5950C17A2EEF4CDA /* libPods-PersonalFinancialHealth.a in Frameworks */,
				8CC53C927FD64C8A3B5B97F2 /* (null) in Frameworks */,
			);
			runOnlyForDeploymentPostprocessing = 0;
		};
/* End PBXFrameworksBuildPhase section */

/* Begin PBXGroup section */
		27F4AD1039C27F59F0D59A75 /* Frameworks */ = {
			isa = PBXGroup;
			children = (
				632785902432954500415DCD /* liblottie-ios.a */,
				6327858C243294E700415DCD /* liblottie-ios.a */,
				7A72B080D3CC667803F29623 /* libPods-PersonalFinancialHealth.a */,
				BC9621ECA87BE5CA40DED264 /* libPods-PersonalFinancialHealthTests.a */,
			);
			name = Frameworks;
			sourceTree = "<group>";
		};
		63085A762432147500CC87BF /* Lottie */ = {
			isa = PBXGroup;
			children = (
				63085A772432148300CC87BF /* Files */,
			);
			path = Lottie;
			sourceTree = "<group>";
		};
		63085A772432148300CC87BF /* Files */ = {
			isa = PBXGroup;
			children = (
				63F5F75924327B83006390F1 /* budget_black.json */,
				63085A782432149400CC87BF /* check-mark.json */,
			);
			path = Files;
			sourceTree = "<group>";
		};
		63106E9F22FD0E780059D21E /* Edit */ = {
			isa = PBXGroup;
			children = (
				63106EA022FD0EAC0059D21E /* PopupEditView.swift */,
			);
			path = Edit;
			sourceTree = "<group>";
		};
		6316141223D2088A00C9E9C9 /* Main */ = {
			isa = PBXGroup;
			children = (
				63B56C7422D5085E00D14C24 /* Constant.swift */,
			);
			path = Main;
			sourceTree = "<group>";
		};
		6316141323D208A000C9E9C9 /* View */ = {
			isa = PBXGroup;
			children = (
				63F5F75B24327BA7006390F1 /* Funds */,
				6316141A23D209AF00C9E9C9 /* Main */,
				63B30DA9242FA0CC0019AD39 /* Historical */,
				63FD7305240B5C89003E0DD1 /* Salary */,
				6316141B23D209EC00C9E9C9 /* Expense */,
			);
			path = View;
			sourceTree = "<group>";
		};
		6316141623D2094E00C9E9C9 /* Persistence */ = {
			isa = PBXGroup;
			children = (
				6316141923D209A800C9E9C9 /* Main */,
			);
			path = Persistence;
			sourceTree = "<group>";
		};
		6316141923D209A800C9E9C9 /* Main */ = {
			isa = PBXGroup;
			children = (
				6316141723D2095F00C9E9C9 /* ConstantPersistence.swift */,
			);
			path = Main;
			sourceTree = "<group>";
		};
		6316141A23D209AF00C9E9C9 /* Main */ = {
			isa = PBXGroup;
			children = (
				6316141423D208B600C9E9C9 /* ConstantView.swift */,
			);
			path = Main;
			sourceTree = "<group>";
		};
		6316141B23D209EC00C9E9C9 /* Expense */ = {
			isa = PBXGroup;
			children = (
				6316141C23D20A1500C9E9C9 /* ConstantExpenseView.swift */,
			);
			path = Expense;
			sourceTree = "<group>";
		};
		63347B2223105E9B006CA2CC /* Main */ = {
			isa = PBXGroup;
			children = (
				63347B2423105F2D006CA2CC /* ExpenseListContainerView.xib */,
			);
			path = Main;
			sourceTree = "<group>";
		};
		63347B2323105ED8006CA2CC /* ListSection */ = {
			isa = PBXGroup;
			children = (
				63B6C49E2323E9C300BA16ED /* Main */,
				63B6C4A12323EAA000BA16ED /* ListItem */,
			);
			path = ListSection;
			sourceTree = "<group>";
		};
		63347B2623105FCB006CA2CC /* Main */ = {
			isa = PBXGroup;
			children = (
				63347B2823106011006CA2CC /* ExpenseListContainerView.swift */,
			);
			path = Main;
			sourceTree = "<group>";
		};
		63347B2723105FEA006CA2CC /* Sub Item */ = {
			isa = PBXGroup;
			children = (
				63B6C49C2323E70300BA16ED /* ExpenseListSubItemView.swift */,
			);
			path = "Sub Item";
			sourceTree = "<group>";
		};
		633BE59E22E2C2E80033E8B3 /* XIB */ = {
			isa = PBXGroup;
			children = (
				6350AD8722FB8CE800433C70 /* PopupMenu */,
				6350AD7D22FB8B4F00433C70 /* Container */,
			);
			path = XIB;
			sourceTree = "<group>";
		};
		634060E8241DC4890067894C /* BLFinancial */ = {
			isa = PBXGroup;
			children = (
				634060E9241DC49B0067894C /* BLFinancialTests.swift */,
			);
			path = BLFinancial;
			sourceTree = "<group>";
		};
		63446D3223FC20EE0025D20F /* Salary */ = {
			isa = PBXGroup;
			children = (
				63C96CE7242D6ECE00BA0D67 /* Salary.storyboard */,
			);
			path = Salary;
			sourceTree = "<group>";
		};
		63446D3523FC24170025D20F /* salary-module */ = {
			isa = PBXGroup;
			children = (
				63446D3923FC24410025D20F /* view */,
				63446D3823FC243B0025D20F /* interactor */,
				63446D3723FC24350025D20F /* presenter */,
				63446D3623FC242D0025D20F /* entity */,
				63446D3A23FC24520025D20F /* protocol */,
			);
			path = "salary-module";
			sourceTree = "<group>";
		};
		63446D3623FC242D0025D20F /* entity */ = {
			isa = PBXGroup;
			children = (
				6390A05023FE3BD100CF2095 /* SalaryModel.swift */,
			);
			path = entity;
			sourceTree = "<group>";
		};
		63446D3723FC24350025D20F /* presenter */ = {
			isa = PBXGroup;
			children = (
				63EEEB7423FF7C8B00A2D408 /* SalaryPresenter.swift */,
			);
			path = presenter;
			sourceTree = "<group>";
		};
		63446D3823FC243B0025D20F /* interactor */ = {
			isa = PBXGroup;
			children = (
				63EEEB7623FF7D5C00A2D408 /* SalaryInteractor.swift */,
			);
			path = interactor;
			sourceTree = "<group>";
		};
		63446D3923FC24410025D20F /* view */ = {
			isa = PBXGroup;
			children = (
				63446D3B23FC24E60025D20F /* SalaryViewController.swift */,
			);
			path = view;
			sourceTree = "<group>";
		};
		63446D3A23FC24520025D20F /* protocol */ = {
			isa = PBXGroup;
			children = (
				63EEEB7223FF7C0D00A2D408 /* SalaryProtocols.swift */,
			);
			path = protocol;
			sourceTree = "<group>";
		};
		63446D3D23FC55EE0025D20F /* Common */ = {
			isa = PBXGroup;
			children = (
				63B30DAC242FDFE50019AD39 /* EmptyPage */,
				63446D3F23FC56300025D20F /* ReusableButton */,
			);
			path = Common;
			sourceTree = "<group>";
		};
		63446D3E23FC55FA0025D20F /* Module */ = {
			isa = PBXGroup;
			children = (
				639E7F13242E695A00496F14 /* Historical */,
				63FD730A240D4634003E0DD1 /* Funds */,
				637B0BB522D6385B00FF8BD0 /* Expense */,
				63446D3223FC20EE0025D20F /* Salary */,
			);
			path = Module;
			sourceTree = "<group>";
		};
		63446D3F23FC56300025D20F /* ReusableButton */ = {
			isa = PBXGroup;
			children = (
				63446D4023FC56C70025D20F /* ReusableButton.xib */,
				63446D4223FC5DE20025D20F /* ReusableButton.swift */,
			);
			path = ReusableButton;
			sourceTree = "<group>";
		};
		6350AD7D22FB8B4F00433C70 /* Container */ = {
			isa = PBXGroup;
			children = (
				6350AD8022FB8B7D00433C70 /* ListContainer */,
				6350AD7F22FB8B7700433C70 /* Form */,
			);
			path = Container;
			sourceTree = "<group>";
		};
		6350AD7F22FB8B7700433C70 /* Form */ = {
			isa = PBXGroup;
			children = (
				63EA77032326957800DADC63 /* FormFields */,
				63EA77042326958A00DADC63 /* FormConstantCollapse */,
				63EA7706232695CE00DADC63 /* FormConstantPickerView */,
				63EA7707232695F000DADC63 /* FormConfirm */,
			);
			path = Form;
			sourceTree = "<group>";
		};
		6350AD8022FB8B7D00433C70 /* ListContainer */ = {
			isa = PBXGroup;
			children = (
				63347B2223105E9B006CA2CC /* Main */,
				63347B2323105ED8006CA2CC /* ListSection */,
			);
			path = ListContainer;
			sourceTree = "<group>";
		};
		6350AD8122FB8BD400433C70 /* Main */ = {
			isa = PBXGroup;
			children = (
				63CE3FD322D54111000E90ED /* ExpenseViewController.swift */,
			);
			path = Main;
			sourceTree = "<group>";
		};
		6350AD8222FB8BE500433C70 /* List Container */ = {
			isa = PBXGroup;
			children = (
				63347B2623105FCB006CA2CC /* Main */,
				63B6C4942323E36A00BA16ED /* List Section */,
			);
			path = "List Container";
			sourceTree = "<group>";
		};
		6350AD8322FB8BEC00433C70 /* Form */ = {
			isa = PBXGroup;
			children = (
				63EA771023269A1100DADC63 /* Form Fields */,
				63EA771123269A1700DADC63 /* Form Constant Collapse */,
				63EA771223269A2100DADC63 /* Form Constant PickerView */,
				63EA77132326A14A00DADC63 /* Form Confirm Button */,
			);
			path = Form;
			sourceTree = "<group>";
		};
		6350AD8422FB8C2100433C70 /* Container */ = {
			isa = PBXGroup;
			children = (
				6350AD8522FB8C3500433C70 /* Main */,
				63AE89C022FC683B00FE3D6A /* PopupMenu */,
				6350AD8222FB8BE500433C70 /* List Container */,
				6350AD8322FB8BEC00433C70 /* Form */,
			);
			path = Container;
			sourceTree = "<group>";
		};
		6350AD8522FB8C3500433C70 /* Main */ = {
			isa = PBXGroup;
			children = (
				63335C2B22F4845E00FB302F /* ExpenseContainerView.swift */,
			);
			path = Main;
			sourceTree = "<group>";
		};
		6350AD8722FB8CE800433C70 /* PopupMenu */ = {
			isa = PBXGroup;
			children = (
				6350AD8822FB8CFB00433C70 /* PopupMenu.xib */,
			);
			path = PopupMenu;
			sourceTree = "<group>";
		};
		63593B3A242AFCDA00EBB862 /* Funds */ = {
			isa = PBXGroup;
			children = (
				63593B3B242AFD1800EBB862 /* FundsPresenterTests.swift */,
				63593B3D242AFF0F00EBB862 /* FundsInteractorTests.swift */,
			);
			path = Funds;
			sourceTree = "<group>";
		};
		637A8A1323F39D6400688E6C /* PersonalFinancialHealthTests */ = {
			isa = PBXGroup;
			children = (
				637A8A1C23F39D8400688E6C /* Tests */,
				637A8A1623F39D6400688E6C /* Info.plist */,
			);
			path = PersonalFinancialHealthTests;
			sourceTree = "<group>";
		};
		637A8A1C23F39D8400688E6C /* Tests */ = {
			isa = PBXGroup;
			children = (
				6383D463243161B000E20E49 /* Home */,
				63593B3A242AFCDA00EBB862 /* Funds */,
				634060E8241DC4890067894C /* BLFinancial */,
				63EEEB7823FF81EC00A2D408 /* Salary */,
				637A8A1D23F39D9C00688E6C /* Expense */,
			);
			path = Tests;
			sourceTree = "<group>";
		};
		637A8A1D23F39D9C00688E6C /* Expense */ = {
			isa = PBXGroup;
			children = (
				637A8A1423F39D6400688E6C /* ExpenseTests.swift */,
			);
			path = Expense;
			sourceTree = "<group>";
		};
		637A8A2323F828EC00688E6C /* Database */ = {
			isa = PBXGroup;
			children = (
				637A8A2C23F82B9B00688E6C /* Financial.xcdatamodeld */,
			);
			name = Database;
			path = "PersonalFinancialHealth/app-persistence/Database";
			sourceTree = SOURCE_ROOT;
		};
		637A8A3123FC1C5A00688E6C /* Main */ = {
			isa = PBXGroup;
			children = (
				63C96CFC242DA71600BA0D67 /* Expense.storyboard */,
			);
			path = Main;
			sourceTree = "<group>";
		};
		637B0BB322D6383A00FF8BD0 /* Main */ = {
			isa = PBXGroup;
			children = (
				6391370422CBE3470018B65F /* Main.storyboard */,
			);
			path = Main;
			sourceTree = "<group>";
		};
		637B0BB422D6384C00FF8BD0 /* LaunchScreen */ = {
			isa = PBXGroup;
			children = (
			);
			path = LaunchScreen;
			sourceTree = "<group>";
		};
		637B0BB522D6385B00FF8BD0 /* Expense */ = {
			isa = PBXGroup;
			children = (
				637A8A3123FC1C5A00688E6C /* Main */,
				633BE59E22E2C2E80033E8B3 /* XIB */,
			);
			path = Expense;
			sourceTree = "<group>";
		};
		6383D463243161B000E20E49 /* Home */ = {
			isa = PBXGroup;
			children = (
				6383D464243161C600E20E49 /* HomeInteractorTests.swift */,
			);
			path = Home;
			sourceTree = "<group>";
		};
		6390A05223FE3E6000CF2095 /* GestureRecognizer */ = {
			isa = PBXGroup;
			children = (
				6390A05323FE3E8600CF2095 /* GestureRecognizer.swift */,
			);
			path = GestureRecognizer;
			sourceTree = "<group>";
		};
		639136F422CBE3470018B65F = {
			isa = PBXGroup;
			children = (
				639136FF22CBE3470018B65F /* PersonalFinancialHealth */,
				637A8A1323F39D6400688E6C /* PersonalFinancialHealthTests */,
				639136FE22CBE3470018B65F /* Products */,
				83151C6AA2E8EEF350116005 /* Pods */,
				27F4AD1039C27F59F0D59A75 /* Frameworks */,
			);
			sourceTree = "<group>";
		};
		639136FE22CBE3470018B65F /* Products */ = {
			isa = PBXGroup;
			children = (
				639136FD22CBE3470018B65F /* PersonalFinancialHealth.app */,
				637A8A1223F39D6400688E6C /* PersonalFinancialHealthTests.xctest */,
			);
			name = Products;
			sourceTree = "<group>";
		};
		639136FF22CBE3470018B65F /* PersonalFinancialHealth */ = {
			isa = PBXGroup;
			children = (
				63B56C6D22D4DA9400D14C24 /* app-persistence */,
				6391371322CBE5880018B65F /* app-ui */,
				6391371222CBE5770018B65F /* app-icons */,
				6391371522CBE5CB0018B65F /* app-settings */,
				6391371622CBE6080018B65F /* app-modules */,
				6391371422CBE5BE0018B65F /* common-utils */,
				6391370C22CBE3490018B65F /* Info.plist */,
			);
			path = PersonalFinancialHealth;
			sourceTree = "<group>";
		};
		6391371222CBE5770018B65F /* app-icons */ = {
			isa = PBXGroup;
			children = (
				6391370722CBE3490018B65F /* Assets.xcassets */,
			);
			path = "app-icons";
			sourceTree = "<group>";
		};
		6391371322CBE5880018B65F /* app-ui */ = {
			isa = PBXGroup;
			children = (
				637B0BB322D6383A00FF8BD0 /* Main */,
				637B0BB422D6384C00FF8BD0 /* LaunchScreen */,
				63446D3E23FC55FA0025D20F /* Module */,
				63446D3D23FC55EE0025D20F /* Common */,
			);
			path = "app-ui";
			sourceTree = "<group>";
		};
		6391371422CBE5BE0018B65F /* common-utils */ = {
			isa = PBXGroup;
			children = (
				63085A762432147500CC87BF /* Lottie */,
				639B9DA82417DC3800F4DBCD /* Alert */,
				6390A05223FE3E6000CF2095 /* GestureRecognizer */,
				63A56BB222FA698E008C7093 /* StackViewController */,
				63CE3FC822D51E3E000E90ED /* Extension */,
				63B56C8222D5126200D14C24 /* BusinessLogic */,
				63B56C7322D5078400D14C24 /* Constant */,
				63F6C7E822CC6090003B7FA6 /* Router */,
			);
			path = "common-utils";
			sourceTree = "<group>";
		};
		6391371522CBE5CB0018B65F /* app-settings */ = {
			isa = PBXGroup;
			children = (
				63C96D0F242DB0AA00BA0D67 /* Localizable */,
				6391370022CBE3470018B65F /* AppDelegate.swift */,
			);
			path = "app-settings";
			sourceTree = "<group>";
		};
		6391371622CBE6080018B65F /* app-modules */ = {
			isa = PBXGroup;
			children = (
				639E7F16242E69A900496F14 /* historical-module */,
				63FD730D240D5289003E0DD1 /* funds-module */,
				63446D3523FC24170025D20F /* salary-module */,
				63CE3FCD22D525B1000E90ED /* expense-module */,
				6391371722CBE77E0018B65F /* home-module */,
			);
			path = "app-modules";
			sourceTree = "<group>";
		};
		6391371722CBE77E0018B65F /* home-module */ = {
			isa = PBXGroup;
			children = (
				6391371822CBE7CF0018B65F /* interactor */,
				6391371F22CBE7CF0018B65F /* entity */,
				6391372322CBE7CF0018B65F /* presenter */,
				6391371D22CBE7CF0018B65F /* protocols */,
				6391371A22CBE7CF0018B65F /* view */,
			);
			path = "home-module";
			sourceTree = "<group>";
		};
		6391371822CBE7CF0018B65F /* interactor */ = {
			isa = PBXGroup;
			children = (
				6391371922CBE7CF0018B65F /* HomeInteractor.swift */,
			);
			path = interactor;
			sourceTree = "<group>";
		};
		6391371A22CBE7CF0018B65F /* view */ = {
			isa = PBXGroup;
			children = (
				6391370222CBE3470018B65F /* HomeViewController.swift */,
			);
			path = view;
			sourceTree = "<group>";
		};
		6391371D22CBE7CF0018B65F /* protocols */ = {
			isa = PBXGroup;
			children = (
				6391371E22CBE7CF0018B65F /* HomeProtocols.swift */,
			);
			path = protocols;
			sourceTree = "<group>";
		};
		6391371F22CBE7CF0018B65F /* entity */ = {
			isa = PBXGroup;
			children = (
				6391372022CBE7CF0018B65F /* HomeModel.swift */,
			);
			path = entity;
			sourceTree = "<group>";
		};
		6391372322CBE7CF0018B65F /* presenter */ = {
			isa = PBXGroup;
			children = (
				6391372422CBE7CF0018B65F /* HomePresenter.swift */,
			);
			path = presenter;
			sourceTree = "<group>";
		};
		639B9DA82417DC3800F4DBCD /* Alert */ = {
			isa = PBXGroup;
			children = (
				639B9DA92417DC5300F4DBCD /* Alert.swift */,
			);
			path = Alert;
			sourceTree = "<group>";
		};
		639E7F13242E695A00496F14 /* Historical */ = {
			isa = PBXGroup;
			children = (
				639E7F1A242E9D4600496F14 /* Main */,
				639E7F1B242E9D6200496F14 /* XIB */,
			);
			path = Historical;
			sourceTree = "<group>";
		};
		639E7F16242E69A900496F14 /* historical-module */ = {
			isa = PBXGroup;
			children = (
				639E7F17242E69B500496F14 /* view */,
			);
			path = "historical-module";
			sourceTree = "<group>";
		};
		639E7F17242E69B500496F14 /* view */ = {
			isa = PBXGroup;
			children = (
				639E7F24242E9EE300496F14 /* Main */,
				639E7F25242E9EEE00496F14 /* Header */,
				639E7F2F242EA1DB00496F14 /* Container */,
			);
			path = view;
			sourceTree = "<group>";
		};
		639E7F1A242E9D4600496F14 /* Main */ = {
			isa = PBXGroup;
			children = (
				63A615E424337AEE005A7A68 /* Historical.storyboard */,
			);
			path = Main;
			sourceTree = "<group>";
		};
		639E7F1B242E9D6200496F14 /* XIB */ = {
			isa = PBXGroup;
			children = (
				639E7F1C242E9DB500496F14 /* Header */,
				639E7F2B242EA14E00496F14 /* Container */,
			);
			path = XIB;
			sourceTree = "<group>";
		};
		639E7F1C242E9DB500496F14 /* Header */ = {
			isa = PBXGroup;
			children = (
				639E7F20242E9E1D00496F14 /* HistoricalHeaderView.xib */,
			);
			path = Header;
			sourceTree = "<group>";
		};
		639E7F1D242E9DC400496F14 /* Body */ = {
			isa = PBXGroup;
			children = (
				639E7F22242E9E3E00496F14 /* HistoricalBodyView.xib */,
			);
			path = Body;
			sourceTree = "<group>";
		};
		639E7F24242E9EE300496F14 /* Main */ = {
			isa = PBXGroup;
			children = (
				639E7F18242E69CB00496F14 /* HistoricalViewController.swift */,
			);
			path = Main;
			sourceTree = "<group>";
		};
		639E7F25242E9EEE00496F14 /* Header */ = {
			isa = PBXGroup;
			children = (
				639E7F26242E9F1300496F14 /* HistoricalHeaderView.swift */,
			);
			path = Header;
			sourceTree = "<group>";
		};
		639E7F28242EA09B00496F14 /* Body */ = {
			isa = PBXGroup;
			children = (
				639E7F29242EA0CB00496F14 /* HistoricalBodyView.swift */,
			);
			path = Body;
			sourceTree = "<group>";
		};
		639E7F2B242EA14E00496F14 /* Container */ = {
			isa = PBXGroup;
			children = (
				639E7F2C242EA1B200496F14 /* Main */,
				639E7F1D242E9DC400496F14 /* Body */,
			);
			path = Container;
			sourceTree = "<group>";
		};
		639E7F2C242EA1B200496F14 /* Main */ = {
			isa = PBXGroup;
			children = (
				639E7F2D242EA1C800496F14 /* HistoricalContainerView.xib */,
			);
			path = Main;
			sourceTree = "<group>";
		};
		639E7F2F242EA1DB00496F14 /* Container */ = {
			isa = PBXGroup;
			children = (
				639E7F30242EA1ED00496F14 /* Main */,
				639E7F28242EA09B00496F14 /* Body */,
			);
			path = Container;
			sourceTree = "<group>";
		};
		639E7F30242EA1ED00496F14 /* Main */ = {
			isa = PBXGroup;
			children = (
				639E7F31242EA20600496F14 /* HistoricalContainerView.swift */,
			);
			path = Main;
			sourceTree = "<group>";
		};
		63A56BB222FA698E008C7093 /* StackViewController */ = {
			isa = PBXGroup;
			children = (
				63A56BB322FA6A0F008C7093 /* StackViewController.swift */,
			);
			path = StackViewController;
			sourceTree = "<group>";
		};
		63AE89C022FC683B00FE3D6A /* PopupMenu */ = {
			isa = PBXGroup;
			children = (
				63AE89C122FC685300FE3D6A /* Main */,
				63106E9F22FD0E780059D21E /* Edit */,
				63AE89C222FC686000FE3D6A /* Select */,
			);
			path = PopupMenu;
			sourceTree = "<group>";
		};
		63AE89C122FC685300FE3D6A /* Main */ = {
			isa = PBXGroup;
			children = (
				6350AD8A22FB95D600433C70 /* PopupMenu.swift */,
			);
			path = Main;
			sourceTree = "<group>";
		};
		63AE89C222FC686000FE3D6A /* Select */ = {
			isa = PBXGroup;
			children = (
				63106E9D22FD04970059D21E /* PopupSelectView.swift */,
			);
			path = Select;
			sourceTree = "<group>";
		};
		63B30DA9242FA0CC0019AD39 /* Historical */ = {
			isa = PBXGroup;
			children = (
				63B30DAA242FA0DD0019AD39 /* ConstantHistoricalView.swift */,
			);
			path = Historical;
			sourceTree = "<group>";
		};
		63B30DAC242FDFE50019AD39 /* EmptyPage */ = {
			isa = PBXGroup;
			children = (
				63B30DAD242FE0180019AD39 /* EmptyPageView.swift */,
				63B30DAF242FE02D0019AD39 /* EmptyPageView.xib */,
			);
			path = EmptyPage;
			sourceTree = "<group>";
		};
		63B56C6D22D4DA9400D14C24 /* app-persistence */ = {
			isa = PBXGroup;
			children = (
				63B56C6F22D4DAE800D14C24 /* CoreData */,
			);
			path = "app-persistence";
			sourceTree = "<group>";
		};
		63B56C6F22D4DAE800D14C24 /* CoreData */ = {
			isa = PBXGroup;
			children = (
				637A8A2323F828EC00688E6C /* Database */,
				63B90EA623E9D80000D05638 /* Worker */,
				63B56C7822D5098F00D14C24 /* Main */,
			);
			path = CoreData;
			sourceTree = "<group>";
		};
		63B56C7322D5078400D14C24 /* Constant */ = {
			isa = PBXGroup;
			children = (
				6316141223D2088A00C9E9C9 /* Main */,
				6316141623D2094E00C9E9C9 /* Persistence */,
				6316141323D208A000C9E9C9 /* View */,
			);
			path = Constant;
			sourceTree = "<group>";
		};
		63B56C7822D5098F00D14C24 /* Main */ = {
			isa = PBXGroup;
			children = (
				63B56C7622D5095500D14C24 /* MainCoreData.swift */,
			);
			path = Main;
			sourceTree = "<group>";
		};
		63B56C8222D5126200D14C24 /* BusinessLogic */ = {
			isa = PBXGroup;
			children = (
				63B56C8322D5142900D14C24 /* BLFinancial.swift */,
			);
			path = BusinessLogic;
			sourceTree = "<group>";
		};
		63B6C4932323E35400BA16ED /* List Item */ = {
			isa = PBXGroup;
			children = (
				63B6C4962323E3DF00BA16ED /* Main */,
				63347B2723105FEA006CA2CC /* Sub Item */,
			);
			path = "List Item";
			sourceTree = "<group>";
		};
		63B6C4942323E36A00BA16ED /* List Section */ = {
			isa = PBXGroup;
			children = (
				63B6C4952323E3D300BA16ED /* Main */,
				63B6C4932323E35400BA16ED /* List Item */,
			);
			path = "List Section";
			sourceTree = "<group>";
		};
		63B6C4952323E3D300BA16ED /* Main */ = {
			isa = PBXGroup;
			children = (
				63B6C4982323E41A00BA16ED /* ExpenseListSectionView.swift */,
			);
			path = Main;
			sourceTree = "<group>";
		};
		63B6C4962323E3DF00BA16ED /* Main */ = {
			isa = PBXGroup;
			children = (
				63B6C49A2323E6D800BA16ED /* ExpenseListItemView.swift */,
			);
			path = Main;
			sourceTree = "<group>";
		};
		63B6C49E2323E9C300BA16ED /* Main */ = {
			isa = PBXGroup;
			children = (
				63C96CF5242DA10500BA0D67 /* ExpenseListSectionView.xib */,
			);
			path = Main;
			sourceTree = "<group>";
		};
		63B6C4A12323EAA000BA16ED /* ListItem */ = {
			isa = PBXGroup;
			children = (
				63B6C4A22323EAAB00BA16ED /* Main */,
				63B6C4A52323EB2800BA16ED /* Sub Item */,
			);
			path = ListItem;
			sourceTree = "<group>";
		};
		63B6C4A22323EAAB00BA16ED /* Main */ = {
			isa = PBXGroup;
			children = (
				63B6C4A32323EAE300BA16ED /* ExpenseListItemView.xib */,
			);
			path = Main;
			sourceTree = "<group>";
		};
		63B6C4A52323EB2800BA16ED /* Sub Item */ = {
			isa = PBXGroup;
			children = (
				63B6C4A62323EB7400BA16ED /* ExpenseListSubItemView.xib */,
			);
			path = "Sub Item";
			sourceTree = "<group>";
		};
		63B90EA623E9D80000D05638 /* Worker */ = {
			isa = PBXGroup;
			children = (
				637A8A1F23F77C9A00688E6C /* CoreDataWorker.swift */,
			);
			path = Worker;
			sourceTree = "<group>";
		};
		63B90EA923F1C43500D05638 /* interactor */ = {
			isa = PBXGroup;
			children = (
				63B90EAA23F1C44900D05638 /* ExpenseInteractor.swift */,
			);
			path = interactor;
			sourceTree = "<group>";
		};
		63B90EAC23F1C46300D05638 /* protocol */ = {
			isa = PBXGroup;
			children = (
				63B90EAD23F1C48700D05638 /* ExpenseProtocols.swift */,
			);
			path = protocol;
			sourceTree = "<group>";
		};
		63B90EAF23F1C60F00D05638 /* presenter */ = {
			isa = PBXGroup;
			children = (
				63B90EB023F1C64900D05638 /* ExpensePresenter.swift */,
			);
			path = presenter;
			sourceTree = "<group>";
		};
		63B90EB223F1C6AB00D05638 /* entity */ = {
			isa = PBXGroup;
			children = (
				637A8A2123F78FC700688E6C /* ExpenseSubItemModel.swift */,
				637A8A2F23FB13B400688E6C /* ExpenseItemModel.swift */,
			);
			path = entity;
			sourceTree = "<group>";
		};
		63C96D0F242DB0AA00BA0D67 /* Localizable */ = {
			isa = PBXGroup;
			children = (
				63C96CE3242D3EE300BA0D67 /* Localizable.strings */,
			);
			path = Localizable;
			sourceTree = "<group>";
		};
		63CE3FC822D51E3E000E90ED /* Extension */ = {
			isa = PBXGroup;
			children = (
				6317066222CE331A002259C2 /* UIColor.swift */,
				63CE3FC922D51E54000E90ED /* UIStoryboard.swift */,
				63CE3FCB22D51F2B000E90ED /* String.swift */,
				639FA05522D6337C00983497 /* UIViewController.swift */,
				637B0BBB22D647A200FF8BD0 /* UIView.swift */,
				638450A82425DB1B00D672A3 /* Date.swift */,
			);
			path = Extension;
			sourceTree = "<group>";
		};
		63CE3FCD22D525B1000E90ED /* expense-module */ = {
			isa = PBXGroup;
			children = (
				63CE3FD222D540E3000E90ED /* view */,
				63B90EA923F1C43500D05638 /* interactor */,
				63B90EAF23F1C60F00D05638 /* presenter */,
				63B90EB223F1C6AB00D05638 /* entity */,
				63B90EAC23F1C46300D05638 /* protocol */,
			);
			path = "expense-module";
			sourceTree = "<group>";
		};
		63CE3FD222D540E3000E90ED /* view */ = {
			isa = PBXGroup;
			children = (
				6350AD8122FB8BD400433C70 /* Main */,
				6350AD8422FB8C2100433C70 /* Container */,
			);
			path = view;
			sourceTree = "<group>";
		};
		63EA77032326957800DADC63 /* FormFields */ = {
			isa = PBXGroup;
			children = (
				63C96D03242DA9CE00BA0D67 /* ExpenseFormView.xib */,
			);
			path = FormFields;
			sourceTree = "<group>";
		};
		63EA77042326958A00DADC63 /* FormConstantCollapse */ = {
			isa = PBXGroup;
			children = (
				63C96D0A242DAA0F00BA0D67 /* ConstantCollapseView.xib */,
			);
			path = FormConstantCollapse;
			sourceTree = "<group>";
		};
		63EA7706232695CE00DADC63 /* FormConstantPickerView */ = {
			isa = PBXGroup;
			children = (
				63EA770C2326999000DADC63 /* ConstantPickerView.xib */,
			);
			path = FormConstantPickerView;
			sourceTree = "<group>";
		};
		63EA7707232695F000DADC63 /* FormConfirm */ = {
			isa = PBXGroup;
			children = (
				63EA770E232699E600DADC63 /* ConfirmView.xib */,
			);
			path = FormConfirm;
			sourceTree = "<group>";
		};
		63EA771023269A1100DADC63 /* Form Fields */ = {
			isa = PBXGroup;
			children = (
				63EA77142326A1AD00DADC63 /* ExpenseFormView.swift */,
			);
			path = "Form Fields";
			sourceTree = "<group>";
		};
		63EA771123269A1700DADC63 /* Form Constant Collapse */ = {
			isa = PBXGroup;
			children = (
				63EA77162326A1EA00DADC63 /* ConstantCollapseView.swift */,
			);
			path = "Form Constant Collapse";
			sourceTree = "<group>";
		};
		63EA771223269A2100DADC63 /* Form Constant PickerView */ = {
			isa = PBXGroup;
			children = (
				63EA77182326A23F00DADC63 /* ConstantPickerView.swift */,
			);
			path = "Form Constant PickerView";
			sourceTree = "<group>";
		};
		63EA77132326A14A00DADC63 /* Form Confirm Button */ = {
			isa = PBXGroup;
			children = (
				63EA771A2326A29800DADC63 /* ConfirmView.swift */,
			);
			path = "Form Confirm Button";
			sourceTree = "<group>";
		};
		63EEEB7823FF81EC00A2D408 /* Salary */ = {
			isa = PBXGroup;
			children = (
				63EEEB7923FF822200A2D408 /* SalaryPresenterTests.swift */,
				63FC33402426891A00467EA5 /* SalaryInteractorTests.swift */,
			);
			path = Salary;
			sourceTree = "<group>";
		};
		63F5F75B24327BA7006390F1 /* Funds */ = {
			isa = PBXGroup;
			children = (
				63F5F75C24327BC1006390F1 /* ConstantFundsView.swift */,
			);
			path = Funds;
			sourceTree = "<group>";
		};
		63F6C7E822CC6090003B7FA6 /* Router */ = {
			isa = PBXGroup;
			children = (
				63F6C7E922CC60A7003B7FA6 /* Coordinator.swift */,
				63B90EB523F1DDA000D05638 /* BaseRouter.swift */,
			);
			path = Router;
			sourceTree = "<group>";
		};
		63FD7305240B5C89003E0DD1 /* Salary */ = {
			isa = PBXGroup;
			children = (
				63FD7306240B5CAA003E0DD1 /* ConstantSalaryView.swift */,
			);
			path = Salary;
			sourceTree = "<group>";
		};
		63FD730A240D4634003E0DD1 /* Funds */ = {
			isa = PBXGroup;
			children = (
				63C96CEE242D704B00BA0D67 /* Funds.storyboard */,
			);
			path = Funds;
			sourceTree = "<group>";
		};
		63FD730D240D5289003E0DD1 /* funds-module */ = {
			isa = PBXGroup;
			children = (
				63FD730E240D5298003E0DD1 /* view */,
				63FD7311240D52CA003E0DD1 /* interactor */,
				63FD7312240D52D1003E0DD1 /* presenter */,
				63FD7313240D52D9003E0DD1 /* protocols */,
			);
			path = "funds-module";
			sourceTree = "<group>";
		};
		63FD730E240D5298003E0DD1 /* view */ = {
			isa = PBXGroup;
			children = (
				63FD730F240D52B9003E0DD1 /* FundsViewController.swift */,
			);
			path = view;
			sourceTree = "<group>";
		};
		63FD7311240D52CA003E0DD1 /* interactor */ = {
			isa = PBXGroup;
			children = (
				63FD7316240D531D003E0DD1 /* FundsInteractor.swift */,
			);
			path = interactor;
			sourceTree = "<group>";
		};
		63FD7312240D52D1003E0DD1 /* presenter */ = {
			isa = PBXGroup;
			children = (
				63FD7318240D5335003E0DD1 /* FundsPresenter.swift */,
			);
			path = presenter;
			sourceTree = "<group>";
		};
		63FD7313240D52D9003E0DD1 /* protocols */ = {
			isa = PBXGroup;
			children = (
				63FD7314240D52F2003E0DD1 /* FundsProtocols.swift */,
			);
			path = protocols;
			sourceTree = "<group>";
		};
		83151C6AA2E8EEF350116005 /* Pods */ = {
			isa = PBXGroup;
			children = (
				22F1326F1005777BA8C3E3F3 /* Pods-PersonalFinancialHealth.debug.xcconfig */,
				CD0C6090933C4E45740473D0 /* Pods-PersonalFinancialHealth.release.xcconfig */,
				8380A2E547A2322221CC023E /* Pods-PersonalFinancialHealthTests.debug.xcconfig */,
				22B3E5265EC105425AEF1A9C /* Pods-PersonalFinancialHealthTests.release.xcconfig */,
			);
			path = Pods;
			sourceTree = "<group>";
		};
/* End PBXGroup section */

/* Begin PBXNativeTarget section */
		637A8A1123F39D6400688E6C /* PersonalFinancialHealthTests */ = {
			isa = PBXNativeTarget;
			buildConfigurationList = 637A8A1923F39D6400688E6C /* Build configuration list for PBXNativeTarget "PersonalFinancialHealthTests" */;
			buildPhases = (
				3FE6A53A883DB61DCAE53489 /* [CP] Check Pods Manifest.lock */,
				637A8A0E23F39D6400688E6C /* Sources */,
				637A8A0F23F39D6400688E6C /* Frameworks */,
				637A8A1023F39D6400688E6C /* Resources */,
			);
			buildRules = (
			);
			dependencies = (
				637A8A1823F39D6400688E6C /* PBXTargetDependency */,
			);
			name = PersonalFinancialHealthTests;
			productName = PersonalFinancialHealthTests;
			productReference = 637A8A1223F39D6400688E6C /* PersonalFinancialHealthTests.xctest */;
			productType = "com.apple.product-type.bundle.unit-test";
		};
		639136FC22CBE3470018B65F /* PersonalFinancialHealth */ = {
			isa = PBXNativeTarget;
			buildConfigurationList = 6391370F22CBE3490018B65F /* Build configuration list for PBXNativeTarget "PersonalFinancialHealth" */;
			buildPhases = (
				D1CF39FD76D0075846488FB9 /* [CP] Check Pods Manifest.lock */,
				639136F922CBE3470018B65F /* Sources */,
				639136FA22CBE3470018B65F /* Frameworks */,
				639136FB22CBE3470018B65F /* Resources */,
			);
			buildRules = (
			);
			dependencies = (
			);
			name = PersonalFinancialHealth;
			productName = PersonalFinancialHealth;
			productReference = 639136FD22CBE3470018B65F /* PersonalFinancialHealth.app */;
			productType = "com.apple.product-type.application";
		};
/* End PBXNativeTarget section */

/* Begin PBXProject section */
		639136F522CBE3470018B65F /* Project object */ = {
			isa = PBXProject;
			attributes = {
				LastSwiftUpdateCheck = 1010;
				LastUpgradeCheck = 1010;
				ORGANIZATIONNAME = BRQ;
				TargetAttributes = {
					637A8A1123F39D6400688E6C = {
						CreatedOnToolsVersion = 10.1;
						TestTargetID = 639136FC22CBE3470018B65F;
					};
					639136FC22CBE3470018B65F = {
						CreatedOnToolsVersion = 10.1;
					};
				};
			};
			buildConfigurationList = 639136F822CBE3470018B65F /* Build configuration list for PBXProject "PersonalFinancialHealth" */;
			compatibilityVersion = "Xcode 9.3";
			developmentRegion = en;
			hasScannedForEncodings = 0;
			knownRegions = (
				en,
				Base,
				"pt-BR",
			);
			mainGroup = 639136F422CBE3470018B65F;
			productRefGroup = 639136FE22CBE3470018B65F /* Products */;
			projectDirPath = "";
			projectRoot = "";
			targets = (
				639136FC22CBE3470018B65F /* PersonalFinancialHealth */,
				637A8A1123F39D6400688E6C /* PersonalFinancialHealthTests */,
			);
		};
/* End PBXProject section */

/* Begin PBXResourcesBuildPhase section */
		637A8A1023F39D6400688E6C /* Resources */ = {
			isa = PBXResourcesBuildPhase;
			buildActionMask = 2147483647;
			files = (
			);
			runOnlyForDeploymentPostprocessing = 0;
		};
		639136FB22CBE3470018B65F /* Resources */ = {
			isa = PBXResourcesBuildPhase;
			buildActionMask = 2147483647;
			files = (
				63C96CE1242D3EE300BA0D67 /* Localizable.strings in Resources */,
				63446D4123FC56C70025D20F /* ReusableButton.xib in Resources */,
				6391370822CBE3490018B65F /* Assets.xcassets in Resources */,
				63F5F75A24327B83006390F1 /* budget_black.json in Resources */,
				63347B2523105F2D006CA2CC /* ExpenseListContainerView.xib in Resources */,
				63B30DB0242FE02D0019AD39 /* EmptyPageView.xib in Resources */,
				6350AD8922FB8CFB00433C70 /* PopupMenu.xib in Resources */,
				63EA770F232699E600DADC63 /* ConfirmView.xib in Resources */,
				63C96D08242DAA0F00BA0D67 /* ConstantCollapseView.xib in Resources */,
				639E7F21242E9E1D00496F14 /* HistoricalHeaderView.xib in Resources */,
				639E7F2E242EA1C800496F14 /* HistoricalContainerView.xib in Resources */,
				63C96CEC242D704B00BA0D67 /* Funds.storyboard in Resources */,
				63EA770D2326999000DADC63 /* ConstantPickerView.xib in Resources */,
				63C96D01242DA9CE00BA0D67 /* ExpenseFormView.xib in Resources */,
				63B6C4A42323EAE300BA16ED /* ExpenseListItemView.xib in Resources */,
				63C96CFA242DA71600BA0D67 /* Expense.storyboard in Resources */,
				63085A792432149400CC87BF /* check-mark.json in Resources */,
				63B6C4A72323EB7400BA16ED /* ExpenseListSubItemView.xib in Resources */,
				639E7F23242E9E3E00496F14 /* HistoricalBodyView.xib in Resources */,
				6391370622CBE3470018B65F /* Main.storyboard in Resources */,
				63C96CE5242D6ECE00BA0D67 /* Salary.storyboard in Resources */,
				63A615E224337AEE005A7A68 /* Historical.storyboard in Resources */,
				63C96CF3242DA10500BA0D67 /* ExpenseListSectionView.xib in Resources */,
			);
			runOnlyForDeploymentPostprocessing = 0;
		};
/* End PBXResourcesBuildPhase section */

/* Begin PBXShellScriptBuildPhase section */
		3FE6A53A883DB61DCAE53489 /* [CP] Check Pods Manifest.lock */ = {
			isa = PBXShellScriptBuildPhase;
			buildActionMask = 2147483647;
			files = (
			);
			inputFileListPaths = (
			);
			inputPaths = (
				"${PODS_PODFILE_DIR_PATH}/Podfile.lock",
				"${PODS_ROOT}/Manifest.lock",
			);
			name = "[CP] Check Pods Manifest.lock";
			outputFileListPaths = (
			);
			outputPaths = (
				"$(DERIVED_FILE_DIR)/Pods-PersonalFinancialHealthTests-checkManifestLockResult.txt",
			);
			runOnlyForDeploymentPostprocessing = 0;
			shellPath = /bin/sh;
			shellScript = "diff \"${PODS_PODFILE_DIR_PATH}/Podfile.lock\" \"${PODS_ROOT}/Manifest.lock\" > /dev/null\nif [ $? != 0 ] ; then\n    # print error to STDERR\n    echo \"error: The sandbox is not in sync with the Podfile.lock. Run 'pod install' or update your CocoaPods installation.\" >&2\n    exit 1\nfi\n# This output is used by Xcode 'outputs' to avoid re-running this script phase.\necho \"SUCCESS\" > \"${SCRIPT_OUTPUT_FILE_0}\"\n";
			showEnvVarsInLog = 0;
		};
		D1CF39FD76D0075846488FB9 /* [CP] Check Pods Manifest.lock */ = {
			isa = PBXShellScriptBuildPhase;
			buildActionMask = 2147483647;
			files = (
			);
			inputFileListPaths = (
			);
			inputPaths = (
				"${PODS_PODFILE_DIR_PATH}/Podfile.lock",
				"${PODS_ROOT}/Manifest.lock",
			);
			name = "[CP] Check Pods Manifest.lock";
			outputFileListPaths = (
			);
			outputPaths = (
				"$(DERIVED_FILE_DIR)/Pods-PersonalFinancialHealth-checkManifestLockResult.txt",
			);
			runOnlyForDeploymentPostprocessing = 0;
			shellPath = /bin/sh;
			shellScript = "diff \"${PODS_PODFILE_DIR_PATH}/Podfile.lock\" \"${PODS_ROOT}/Manifest.lock\" > /dev/null\nif [ $? != 0 ] ; then\n    # print error to STDERR\n    echo \"error: The sandbox is not in sync with the Podfile.lock. Run 'pod install' or update your CocoaPods installation.\" >&2\n    exit 1\nfi\n# This output is used by Xcode 'outputs' to avoid re-running this script phase.\necho \"SUCCESS\" > \"${SCRIPT_OUTPUT_FILE_0}\"\n";
			showEnvVarsInLog = 0;
		};
/* End PBXShellScriptBuildPhase section */

/* Begin PBXSourcesBuildPhase section */
		637A8A0E23F39D6400688E6C /* Sources */ = {
			isa = PBXSourcesBuildPhase;
			buildActionMask = 2147483647;
			files = (
				63FC33412426891A00467EA5 /* SalaryInteractorTests.swift in Sources */,
				637A8A1523F39D6400688E6C /* ExpenseTests.swift in Sources */,
				634060EA241DC49B0067894C /* BLFinancialTests.swift in Sources */,
				6383D465243161C600E20E49 /* HomeInteractorTests.swift in Sources */,
				63593B3E242AFF0F00EBB862 /* FundsInteractorTests.swift in Sources */,
				63593B3C242AFD1800EBB862 /* FundsPresenterTests.swift in Sources */,
				63EEEB7A23FF822200A2D408 /* SalaryPresenterTests.swift in Sources */,
			);
			runOnlyForDeploymentPostprocessing = 0;
		};
		639136F922CBE3470018B65F /* Sources */ = {
			isa = PBXSourcesBuildPhase;
			buildActionMask = 2147483647;
			files = (
				6316141523D208B600C9E9C9 /* ConstantView.swift in Sources */,
				639E7F2A242EA0CB00496F14 /* HistoricalBodyView.swift in Sources */,
				63CE3FCC22D51F2B000E90ED /* String.swift in Sources */,
				63EEEB7523FF7C8B00A2D408 /* SalaryPresenter.swift in Sources */,
				63B56C7722D5095500D14C24 /* MainCoreData.swift in Sources */,
				63EA771B2326A29800DADC63 /* ConfirmView.swift in Sources */,
				63FD7317240D531D003E0DD1 /* FundsInteractor.swift in Sources */,
				63347B2923106011006CA2CC /* ExpenseListContainerView.swift in Sources */,
				63FD7319240D5335003E0DD1 /* FundsPresenter.swift in Sources */,
				63B90EB623F1DDA000D05638 /* BaseRouter.swift in Sources */,
				6316141D23D20A1500C9E9C9 /* ConstantExpenseView.swift in Sources */,
				6390A05123FE3BD100CF2095 /* SalaryModel.swift in Sources */,
				639E7F27242E9F1300496F14 /* HistoricalHeaderView.swift in Sources */,
				63446D4323FC5DE20025D20F /* ReusableButton.swift in Sources */,
				63FD7310240D52B9003E0DD1 /* FundsViewController.swift in Sources */,
				6391372922CBE7CF0018B65F /* HomeModel.swift in Sources */,
				63106E9E22FD04970059D21E /* PopupSelectView.swift in Sources */,
				63B90EAE23F1C48700D05638 /* ExpenseProtocols.swift in Sources */,
				63CE3FD422D54111000E90ED /* ExpenseViewController.swift in Sources */,
				637A8A2E23F82B9B00688E6C /* Financial.xcdatamodeld in Sources */,
				639B9DAA2417DC5300F4DBCD /* Alert.swift in Sources */,
				637A8A2223F78FC700688E6C /* ExpenseSubItemModel.swift in Sources */,
				63B6C49B2323E6D800BA16ED /* ExpenseListItemView.swift in Sources */,
				6391370322CBE3470018B65F /* HomeViewController.swift in Sources */,
				63B90EAB23F1C44900D05638 /* ExpenseInteractor.swift in Sources */,
				63EEEB7723FF7D5C00A2D408 /* SalaryInteractor.swift in Sources */,
				63B30DAE242FE0180019AD39 /* EmptyPageView.swift in Sources */,
				639E7F32242EA20600496F14 /* HistoricalContainerView.swift in Sources */,
				63106EA122FD0EAC0059D21E /* PopupEditView.swift in Sources */,
				638450A92425DB1B00D672A3 /* Date.swift in Sources */,
				637A8A3023FB13B400688E6C /* ExpenseItemModel.swift in Sources */,
				6391372822CBE7CF0018B65F /* HomeProtocols.swift in Sources */,
				63FD7315240D52F2003E0DD1 /* FundsProtocols.swift in Sources */,
				63446D3C23FC24E60025D20F /* SalaryViewController.swift in Sources */,
				63B30DAB242FA0DD0019AD39 /* ConstantHistoricalView.swift in Sources */,
				63CE3FCA22D51E54000E90ED /* UIStoryboard.swift in Sources */,
				6317066322CE331A002259C2 /* UIColor.swift in Sources */,
				6316141823D2095F00C9E9C9 /* ConstantPersistence.swift in Sources */,
				6391370122CBE3470018B65F /* AppDelegate.swift in Sources */,
				639FA05622D6337C00983497 /* UIViewController.swift in Sources */,
				63B6C49D2323E70300BA16ED /* ExpenseListSubItemView.swift in Sources */,
				63EA77152326A1AD00DADC63 /* ExpenseFormView.swift in Sources */,
				6390A05423FE3E8600CF2095 /* GestureRecognizer.swift in Sources */,
				63A56BB422FA6A0F008C7093 /* StackViewController.swift in Sources */,
				6350AD8B22FB95D600433C70 /* PopupMenu.swift in Sources */,
				63EEEB7323FF7C0D00A2D408 /* SalaryProtocols.swift in Sources */,
				637B0BBC22D647A200FF8BD0 /* UIView.swift in Sources */,
				63FD7307240B5CAB003E0DD1 /* ConstantSalaryView.swift in Sources */,
				63335C2C22F4845E00FB302F /* ExpenseContainerView.swift in Sources */,
				6391372B22CBE7CF0018B65F /* HomePresenter.swift in Sources */,
				6391372522CBE7CF0018B65F /* HomeInteractor.swift in Sources */,
				63B56C8422D5142900D14C24 /* BLFinancial.swift in Sources */,
				63B6C4992323E41A00BA16ED /* ExpenseListSectionView.swift in Sources */,
				63EA77192326A23F00DADC63 /* ConstantPickerView.swift in Sources */,
				63F6C7EA22CC60A7003B7FA6 /* Coordinator.swift in Sources */,
				639E7F19242E69CB00496F14 /* HistoricalViewController.swift in Sources */,
				637A8A2023F77C9A00688E6C /* CoreDataWorker.swift in Sources */,
				63F5F75D24327BC1006390F1 /* ConstantFundsView.swift in Sources */,
				63B90EB123F1C64900D05638 /* ExpensePresenter.swift in Sources */,
				63B56C7522D5085E00D14C24 /* Constant.swift in Sources */,
				63EA77172326A1EA00DADC63 /* ConstantCollapseView.swift in Sources */,
			);
			runOnlyForDeploymentPostprocessing = 0;
		};
/* End PBXSourcesBuildPhase section */

/* Begin PBXTargetDependency section */
		637A8A1823F39D6400688E6C /* PBXTargetDependency */ = {
			isa = PBXTargetDependency;
			target = 639136FC22CBE3470018B65F /* PersonalFinancialHealth */;
			targetProxy = 637A8A1723F39D6400688E6C /* PBXContainerItemProxy */;
		};
/* End PBXTargetDependency section */

/* Begin PBXVariantGroup section */
		6391370422CBE3470018B65F /* Main.storyboard */ = {
			isa = PBXVariantGroup;
			children = (
				6391370522CBE3470018B65F /* Base */,
				63C96CE0242D3C0700BA0D67 /* pt-BR */,
			);
			name = Main.storyboard;
			sourceTree = "<group>";
		};
		63A615E424337AEE005A7A68 /* Historical.storyboard */ = {
			isa = PBXVariantGroup;
			children = (
				63A615E324337AEE005A7A68 /* Base */,
				63A615E624337AF2005A7A68 /* en */,
				63A615E824337AF5005A7A68 /* pt-BR */,
			);
			name = Historical.storyboard;
			sourceTree = "<group>";
		};
		63C96CE3242D3EE300BA0D67 /* Localizable.strings */ = {
			isa = PBXVariantGroup;
			children = (
				63C96CE2242D3EE300BA0D67 /* en */,
				63C96CE4242D3EE500BA0D67 /* pt-BR */,
			);
			name = Localizable.strings;
			sourceTree = "<group>";
		};
		63C96CE7242D6ECE00BA0D67 /* Salary.storyboard */ = {
			isa = PBXVariantGroup;
			children = (
				63C96CE6242D6ECE00BA0D67 /* Base */,
				63C96CEB242D6ED300BA0D67 /* pt-BR */,
				63A615E12433788D005A7A68 /* en */,
			);
			name = Salary.storyboard;
			sourceTree = "<group>";
		};
		63C96CEE242D704B00BA0D67 /* Funds.storyboard */ = {
			isa = PBXVariantGroup;
			children = (
				63C96CED242D704B00BA0D67 /* Base */,
				63C96CF0242D704E00BA0D67 /* en */,
				63C96CF2242D705000BA0D67 /* pt-BR */,
			);
			name = Funds.storyboard;
			sourceTree = "<group>";
		};
		63C96CF5242DA10500BA0D67 /* ExpenseListSectionView.xib */ = {
			isa = PBXVariantGroup;
			children = (
				63C96CF4242DA10500BA0D67 /* Base */,
				63C96CF7242DA10800BA0D67 /* en */,
				63C96CF9242DA10A00BA0D67 /* pt-BR */,
			);
			name = ExpenseListSectionView.xib;
			sourceTree = "<group>";
		};
		63C96CFC242DA71600BA0D67 /* Expense.storyboard */ = {
			isa = PBXVariantGroup;
			children = (
				63C96CFB242DA71600BA0D67 /* Base */,
				63C96CFE242DA71900BA0D67 /* en */,
				63C96D00242DA71A00BA0D67 /* pt-BR */,
			);
			name = Expense.storyboard;
			sourceTree = "<group>";
		};
		63C96D03242DA9CE00BA0D67 /* ExpenseFormView.xib */ = {
			isa = PBXVariantGroup;
			children = (
				63C96D02242DA9CE00BA0D67 /* Base */,
				63C96D05242DA9D100BA0D67 /* en */,
				63C96D07242DA9D500BA0D67 /* pt-BR */,
			);
			name = ExpenseFormView.xib;
			sourceTree = "<group>";
		};
		63C96D0A242DAA0F00BA0D67 /* ConstantCollapseView.xib */ = {
			isa = PBXVariantGroup;
			children = (
				63C96D09242DAA0F00BA0D67 /* Base */,
				63C96D0C242DAA1200BA0D67 /* en */,
				63C96D0E242DAA1500BA0D67 /* pt-BR */,
			);
			name = ConstantCollapseView.xib;
			sourceTree = "<group>";
		};
/* End PBXVariantGroup section */

/* Begin XCBuildConfiguration section */
		637A8A1A23F39D6400688E6C /* Debug */ = {
			isa = XCBuildConfiguration;
			baseConfigurationReference = 8380A2E547A2322221CC023E /* Pods-PersonalFinancialHealthTests.debug.xcconfig */;
			buildSettings = {
				BUNDLE_LOADER = "$(TEST_HOST)";
				CODE_SIGN_STYLE = Automatic;
				DEVELOPMENT_TEAM = UEDMTC57NN;
				INFOPLIST_FILE = PersonalFinancialHealthTests/Info.plist;
				LD_RUNPATH_SEARCH_PATHS = (
					"$(inherited)",
					"@executable_path/Frameworks",
					"@loader_path/Frameworks",
				);
				PRODUCT_BUNDLE_IDENTIFIER = br.com.hugoProjects.PersonalFinancialHealthTests;
				PRODUCT_NAME = "$(TARGET_NAME)";
				SWIFT_VERSION = 4.2;
				TARGETED_DEVICE_FAMILY = "1,2";
				TEST_HOST = "$(BUILT_PRODUCTS_DIR)/PersonalFinancialHealth.app/PersonalFinancialHealth";
			};
			name = Debug;
		};
		637A8A1B23F39D6400688E6C /* Release */ = {
			isa = XCBuildConfiguration;
			baseConfigurationReference = 22B3E5265EC105425AEF1A9C /* Pods-PersonalFinancialHealthTests.release.xcconfig */;
			buildSettings = {
				BUNDLE_LOADER = "$(TEST_HOST)";
				CODE_SIGN_STYLE = Automatic;
				DEVELOPMENT_TEAM = UEDMTC57NN;
				INFOPLIST_FILE = PersonalFinancialHealthTests/Info.plist;
				LD_RUNPATH_SEARCH_PATHS = (
					"$(inherited)",
					"@executable_path/Frameworks",
					"@loader_path/Frameworks",
				);
				PRODUCT_BUNDLE_IDENTIFIER = br.com.hugoProjects.PersonalFinancialHealthTests;
				PRODUCT_NAME = "$(TARGET_NAME)";
				SWIFT_VERSION = 4.2;
				TARGETED_DEVICE_FAMILY = "1,2";
				TEST_HOST = "$(BUILT_PRODUCTS_DIR)/PersonalFinancialHealth.app/PersonalFinancialHealth";
			};
			name = Release;
		};
		6391370D22CBE3490018B65F /* Debug */ = {
			isa = XCBuildConfiguration;
			buildSettings = {
				ALWAYS_SEARCH_USER_PATHS = NO;
				CLANG_ANALYZER_LOCALIZABILITY_NONLOCALIZED = YES;
				CLANG_ANALYZER_NONNULL = YES;
				CLANG_ANALYZER_NUMBER_OBJECT_CONVERSION = YES_AGGRESSIVE;
				CLANG_CXX_LANGUAGE_STANDARD = "gnu++14";
				CLANG_CXX_LIBRARY = "libc++";
				CLANG_ENABLE_MODULES = YES;
				CLANG_ENABLE_OBJC_ARC = YES;
				CLANG_ENABLE_OBJC_WEAK = YES;
				CLANG_WARN_BLOCK_CAPTURE_AUTORELEASING = YES;
				CLANG_WARN_BOOL_CONVERSION = YES;
				CLANG_WARN_COMMA = YES;
				CLANG_WARN_CONSTANT_CONVERSION = YES;
				CLANG_WARN_DEPRECATED_OBJC_IMPLEMENTATIONS = YES;
				CLANG_WARN_DIRECT_OBJC_ISA_USAGE = YES_ERROR;
				CLANG_WARN_DOCUMENTATION_COMMENTS = YES;
				CLANG_WARN_EMPTY_BODY = YES;
				CLANG_WARN_ENUM_CONVERSION = YES;
				CLANG_WARN_INFINITE_RECURSION = YES;
				CLANG_WARN_INT_CONVERSION = YES;
				CLANG_WARN_NON_LITERAL_NULL_CONVERSION = YES;
				CLANG_WARN_OBJC_IMPLICIT_RETAIN_SELF = YES;
				CLANG_WARN_OBJC_LITERAL_CONVERSION = YES;
				CLANG_WARN_OBJC_ROOT_CLASS = YES_ERROR;
				CLANG_WARN_RANGE_LOOP_ANALYSIS = YES;
				CLANG_WARN_STRICT_PROTOTYPES = YES;
				CLANG_WARN_SUSPICIOUS_MOVE = YES;
				CLANG_WARN_UNGUARDED_AVAILABILITY = YES_AGGRESSIVE;
				CLANG_WARN_UNREACHABLE_CODE = YES;
				CLANG_WARN__DUPLICATE_METHOD_MATCH = YES;
				CODE_SIGN_IDENTITY = "iPhone Developer";
				COPY_PHASE_STRIP = NO;
				DEBUG_INFORMATION_FORMAT = dwarf;
				ENABLE_STRICT_OBJC_MSGSEND = YES;
				ENABLE_TESTABILITY = YES;
				GCC_C_LANGUAGE_STANDARD = gnu11;
				GCC_DYNAMIC_NO_PIC = NO;
				GCC_NO_COMMON_BLOCKS = YES;
				GCC_OPTIMIZATION_LEVEL = 0;
				GCC_PREPROCESSOR_DEFINITIONS = (
					"DEBUG=1",
					"$(inherited)",
				);
				GCC_WARN_64_TO_32_BIT_CONVERSION = YES;
				GCC_WARN_ABOUT_RETURN_TYPE = YES_ERROR;
				GCC_WARN_UNDECLARED_SELECTOR = YES;
				GCC_WARN_UNINITIALIZED_AUTOS = YES_AGGRESSIVE;
				GCC_WARN_UNUSED_FUNCTION = YES;
				GCC_WARN_UNUSED_VARIABLE = YES;
				IPHONEOS_DEPLOYMENT_TARGET = 12.1;
				MTL_ENABLE_DEBUG_INFO = INCLUDE_SOURCE;
				MTL_FAST_MATH = YES;
				ONLY_ACTIVE_ARCH = YES;
				SDKROOT = iphoneos;
				SWIFT_ACTIVE_COMPILATION_CONDITIONS = DEBUG;
				SWIFT_OPTIMIZATION_LEVEL = "-Onone";
				SWIFT_VERSION = 4.2;
			};
			name = Debug;
		};
		6391370E22CBE3490018B65F /* Release */ = {
			isa = XCBuildConfiguration;
			buildSettings = {
				ALWAYS_SEARCH_USER_PATHS = NO;
				CLANG_ANALYZER_LOCALIZABILITY_NONLOCALIZED = YES;
				CLANG_ANALYZER_NONNULL = YES;
				CLANG_ANALYZER_NUMBER_OBJECT_CONVERSION = YES_AGGRESSIVE;
				CLANG_CXX_LANGUAGE_STANDARD = "gnu++14";
				CLANG_CXX_LIBRARY = "libc++";
				CLANG_ENABLE_MODULES = YES;
				CLANG_ENABLE_OBJC_ARC = YES;
				CLANG_ENABLE_OBJC_WEAK = YES;
				CLANG_WARN_BLOCK_CAPTURE_AUTORELEASING = YES;
				CLANG_WARN_BOOL_CONVERSION = YES;
				CLANG_WARN_COMMA = YES;
				CLANG_WARN_CONSTANT_CONVERSION = YES;
				CLANG_WARN_DEPRECATED_OBJC_IMPLEMENTATIONS = YES;
				CLANG_WARN_DIRECT_OBJC_ISA_USAGE = YES_ERROR;
				CLANG_WARN_DOCUMENTATION_COMMENTS = YES;
				CLANG_WARN_EMPTY_BODY = YES;
				CLANG_WARN_ENUM_CONVERSION = YES;
				CLANG_WARN_INFINITE_RECURSION = YES;
				CLANG_WARN_INT_CONVERSION = YES;
				CLANG_WARN_NON_LITERAL_NULL_CONVERSION = YES;
				CLANG_WARN_OBJC_IMPLICIT_RETAIN_SELF = YES;
				CLANG_WARN_OBJC_LITERAL_CONVERSION = YES;
				CLANG_WARN_OBJC_ROOT_CLASS = YES_ERROR;
				CLANG_WARN_RANGE_LOOP_ANALYSIS = YES;
				CLANG_WARN_STRICT_PROTOTYPES = YES;
				CLANG_WARN_SUSPICIOUS_MOVE = YES;
				CLANG_WARN_UNGUARDED_AVAILABILITY = YES_AGGRESSIVE;
				CLANG_WARN_UNREACHABLE_CODE = YES;
				CLANG_WARN__DUPLICATE_METHOD_MATCH = YES;
				CODE_SIGN_IDENTITY = "iPhone Developer";
				COPY_PHASE_STRIP = NO;
				DEBUG_INFORMATION_FORMAT = "dwarf-with-dsym";
				ENABLE_NS_ASSERTIONS = NO;
				ENABLE_STRICT_OBJC_MSGSEND = YES;
				GCC_C_LANGUAGE_STANDARD = gnu11;
				GCC_NO_COMMON_BLOCKS = YES;
				GCC_WARN_64_TO_32_BIT_CONVERSION = YES;
				GCC_WARN_ABOUT_RETURN_TYPE = YES_ERROR;
				GCC_WARN_UNDECLARED_SELECTOR = YES;
				GCC_WARN_UNINITIALIZED_AUTOS = YES_AGGRESSIVE;
				GCC_WARN_UNUSED_FUNCTION = YES;
				GCC_WARN_UNUSED_VARIABLE = YES;
				IPHONEOS_DEPLOYMENT_TARGET = 12.1;
				MTL_ENABLE_DEBUG_INFO = NO;
				MTL_FAST_MATH = YES;
				SDKROOT = iphoneos;
				SWIFT_COMPILATION_MODE = wholemodule;
				SWIFT_OPTIMIZATION_LEVEL = "-O";
				SWIFT_VERSION = 4.2;
				VALIDATE_PRODUCT = YES;
			};
			name = Release;
		};
		6391371022CBE3490018B65F /* Debug */ = {
			isa = XCBuildConfiguration;
			baseConfigurationReference = 22F1326F1005777BA8C3E3F3 /* Pods-PersonalFinancialHealth.debug.xcconfig */;
			buildSettings = {
				ASSETCATALOG_COMPILER_APPICON_NAME = AppIcon;
				CODE_SIGN_STYLE = Automatic;
				DEVELOPMENT_TEAM = UEDMTC57NN;
				INFOPLIST_FILE = PersonalFinancialHealth/Info.plist;
				LD_RUNPATH_SEARCH_PATHS = (
					"$(inherited)",
					"@executable_path/Frameworks",
				);
				PRODUCT_BUNDLE_IDENTIFIER = PersonalFinancialHealth;
				PRODUCT_NAME = "$(TARGET_NAME)";
				SWIFT_VERSION = 4.2;
				TARGETED_DEVICE_FAMILY = "1,2";
			};
			name = Debug;
		};
		6391371122CBE3490018B65F /* Release */ = {
			isa = XCBuildConfiguration;
			baseConfigurationReference = CD0C6090933C4E45740473D0 /* Pods-PersonalFinancialHealth.release.xcconfig */;
			buildSettings = {
				ASSETCATALOG_COMPILER_APPICON_NAME = AppIcon;
				CODE_SIGN_STYLE = Automatic;
				DEVELOPMENT_TEAM = UEDMTC57NN;
				INFOPLIST_FILE = PersonalFinancialHealth/Info.plist;
				LD_RUNPATH_SEARCH_PATHS = (
					"$(inherited)",
					"@executable_path/Frameworks",
				);
				PRODUCT_BUNDLE_IDENTIFIER = PersonalFinancialHealth;
				PRODUCT_NAME = "$(TARGET_NAME)";
				SWIFT_VERSION = 4.2;
				TARGETED_DEVICE_FAMILY = "1,2";
			};
			name = Release;
		};
/* End XCBuildConfiguration section */

/* Begin XCConfigurationList section */
		637A8A1923F39D6400688E6C /* Build configuration list for PBXNativeTarget "PersonalFinancialHealthTests" */ = {
			isa = XCConfigurationList;
			buildConfigurations = (
				637A8A1A23F39D6400688E6C /* Debug */,
				637A8A1B23F39D6400688E6C /* Release */,
			);
			defaultConfigurationIsVisible = 0;
			defaultConfigurationName = Release;
		};
		639136F822CBE3470018B65F /* Build configuration list for PBXProject "PersonalFinancialHealth" */ = {
			isa = XCConfigurationList;
			buildConfigurations = (
				6391370D22CBE3490018B65F /* Debug */,
				6391370E22CBE3490018B65F /* Release */,
			);
			defaultConfigurationIsVisible = 0;
			defaultConfigurationName = Release;
		};
		6391370F22CBE3490018B65F /* Build configuration list for PBXNativeTarget "PersonalFinancialHealth" */ = {
			isa = XCConfigurationList;
			buildConfigurations = (
				6391371022CBE3490018B65F /* Debug */,
				6391371122CBE3490018B65F /* Release */,
			);
			defaultConfigurationIsVisible = 0;
			defaultConfigurationName = Release;
		};
/* End XCConfigurationList section */

/* Begin XCVersionGroup section */
		637A8A2C23F82B9B00688E6C /* Financial.xcdatamodeld */ = {
			isa = XCVersionGroup;
			children = (
				637A8A2D23F82B9B00688E6C /* Financial.xcdatamodel */,
			);
			currentVersion = 637A8A2D23F82B9B00688E6C /* Financial.xcdatamodel */;
			path = Financial.xcdatamodeld;
			sourceTree = "<group>";
			versionGroupType = wrapper.xcdatamodel;
		};
/* End XCVersionGroup section */
	};
	rootObject = 639136F522CBE3470018B65F /* Project object */;
}
